// !$*UTF8*$!
{
	archiveVersion = 1;
	classes = {
	};
	objectVersion = 48;
	objects = {

/* Begin PBXBuildFile section */
		325100FB473A1DEA4561BBF9 /* SchoolUrl.swift in Sources */ = {isa = PBXBuildFile; fileRef = 3251083F745E625D541E9F52 /* SchoolUrl.swift */; };
		325101D92B7C90E2B4886C95 /* Grade.swift in Sources */ = {isa = PBXBuildFile; fileRef = 32510517A416ACC98321249B /* Grade.swift */; };
		3251078DA73A7CF619E01E78 /* PersonUrl.swift in Sources */ = {isa = PBXBuildFile; fileRef = 32510F33F605D20AFFE2846F /* PersonUrl.swift */; };
		32510A01928C9210EDCFA599 /* AccountUrl.swift in Sources */ = {isa = PBXBuildFile; fileRef = 3251087250EDA4D6C703A278 /* AccountUrl.swift */; };
		32510C10B8247A10427147B0 /* StudentUrl.swift in Sources */ = {isa = PBXBuildFile; fileRef = 325107C6ABAB648C9B2A98E7 /* StudentUrl.swift */; };
		32510D4EDC1DDDB9EF7E56D0 /* Account.swift in Sources */ = {isa = PBXBuildFile; fileRef = 325103B1BD4D0B957E5FBDBE /* Account.swift */; };
		5D00A4BC20613D6400B77B0A /* EncryptionUtil.swift in Sources */ = {isa = PBXBuildFile; fileRef = 5D00A4BB20613D6400B77B0A /* EncryptionUtil.swift */; };
		5D00A4DF20613EBD00B77B0A /* RNCryptor.framework in Frameworks */ = {isa = PBXBuildFile; fileRef = 5D00A4D820613DD200B77B0A /* RNCryptor.framework */; };
		5D00A4E020613EBD00B77B0A /* RNCryptor.framework in Embed Frameworks */ = {isa = PBXBuildFile; fileRef = 5D00A4D820613DD200B77B0A /* RNCryptor.framework */; settings = {ATTRIBUTES = (CodeSignOnCopy, RemoveHeadersOnCopy, ); }; };
		5D016652200FA4FE00C0E1D9 /* MainUrl.swift in Sources */ = {isa = PBXBuildFile; fileRef = 5D016651200FA4FE00C0E1D9 /* MainUrl.swift */; };
		5D016666200FB55000C0E1D9 /* StudyUrl.swift in Sources */ = {isa = PBXBuildFile; fileRef = 5D016665200FB55000C0E1D9 /* StudyUrl.swift */; };
		5D041AF3200E2CF800FFBF6A /* StudyInfo.swift in Sources */ = {isa = PBXBuildFile; fileRef = 5D041AF2200E2CF800FFBF6A /* StudyInfo.swift */; };
		5D041B05200E2D0E00FFBF6A /* Group.swift in Sources */ = {isa = PBXBuildFile; fileRef = 5D041B04200E2D0E00FFBF6A /* Group.swift */; };
		5D041B07200E549D00FFBF6A /* Studies.swift in Sources */ = {isa = PBXBuildFile; fileRef = 5D041B06200E549D00FFBF6A /* Studies.swift */; };
		5D041B09200E5EDD00FFBF6A /* DateUtil.swift in Sources */ = {isa = PBXBuildFile; fileRef = 5D041B08200E5EDD00FFBF6A /* DateUtil.swift */; };
		5D118545200E08F4003EE455 /* Study.swift in Sources */ = {isa = PBXBuildFile; fileRef = 5D118544200E08F4003EE455 /* Study.swift */; };
		5D14C90A20614B61003E14D0 /* MailElement.xib in Resources */ = {isa = PBXBuildFile; fileRef = 5D14C90920614B61003E14D0 /* MailElement.xib */; };
		5D14C91E20614F8E003E14D0 /* MailElement.swift in Sources */ = {isa = PBXBuildFile; fileRef = 5D14C91D20614F8E003E14D0 /* MailElement.swift */; };
		5D26213A20095243006BE4DA /* FindSchoolViewController.swift in Sources */ = {isa = PBXBuildFile; fileRef = 5D26213920095243006BE4DA /* FindSchoolViewController.swift */; };
		5D26213C20095256006BE4DA /* LoginViewController.swift in Sources */ = {isa = PBXBuildFile; fileRef = 5D26213B20095256006BE4DA /* LoginViewController.swift */; };
		5D3F833920623C820018DE32 /* MailHandler.swift in Sources */ = {isa = PBXBuildFile; fileRef = 5D3F833820623C820018DE32 /* MailHandler.swift */; };
		5D505275202107B800DE3F8F /* Fonts in Resources */ = {isa = PBXBuildFile; fileRef = 5D505274202107B700DE3F8F /* Fonts */; };
		5D50DA78202B2653005A8765 /* Message.swift in Sources */ = {isa = PBXBuildFile; fileRef = 5D50DA77202B2653005A8765 /* Message.swift */; };
		5D50DA7A202B3BE0005A8765 /* MessageStatusType.swift in Sources */ = {isa = PBXBuildFile; fileRef = 5D50DA79202B3BE0005A8765 /* MessageStatusType.swift */; };
		5D50DA7C202B402C005A8765 /* MessageType.swift in Sources */ = {isa = PBXBuildFile; fileRef = 5D50DA7B202B402C005A8765 /* MessageType.swift */; };
		5D50DA7E202B40D2005A8765 /* Contact.swift in Sources */ = {isa = PBXBuildFile; fileRef = 5D50DA7D202B40D2005A8765 /* Contact.swift */; };
		5D50DA80202B4168005A8765 /* ContactType.swift in Sources */ = {isa = PBXBuildFile; fileRef = 5D50DA7F202B4168005A8765 /* ContactType.swift */; };
		5D546096200DE8D4002C0D74 /* TodayViewController.swift in Sources */ = {isa = PBXBuildFile; fileRef = 5D546095200DE8D4002C0D74 /* TodayViewController.swift */; };
		5D5460A9200DE9FD002C0D74 /* CalendarViewController.swift in Sources */ = {isa = PBXBuildFile; fileRef = 5D5460A7200DE9FD002C0D74 /* CalendarViewController.swift */; };
		5D68E5F820232C0B0065F4C4 /* CUComboBox.xib in Resources */ = {isa = PBXBuildFile; fileRef = 5D68E5F720232C0B0065F4C4 /* CUComboBox.xib */; };
		5D68E60820232DDA0065F4C4 /* CUComboBox.swift in Sources */ = {isa = PBXBuildFile; fileRef = 5D68E60720232DDA0065F4C4 /* CUComboBox.swift */; };
		5D6F520620161535004C63BA /* Lesson.swift in Sources */ = {isa = PBXBuildFile; fileRef = 5D6F520520161535004C63BA /* Lesson.swift */; };
		5D74D5DB2069448C00E90A59 /* HotKey.framework in Frameworks */ = {isa = PBXBuildFile; fileRef = 5D74D5D62069447600E90A59 /* HotKey.framework */; };
		5D74D5DC2069448C00E90A59 /* HotKey.framework in Embed Frameworks */ = {isa = PBXBuildFile; fileRef = 5D74D5D62069447600E90A59 /* HotKey.framework */; settings = {ATTRIBUTES = (CodeSignOnCopy, RemoveHeadersOnCopy, ); }; };
		5D7908ED202840240006C7AC /* GradeElement.xib in Resources */ = {isa = PBXBuildFile; fileRef = 5D7908EC202840240006C7AC /* GradeElement.xib */; };
		5D7908FD202840330006C7AC /* GradeElement.swift in Sources */ = {isa = PBXBuildFile; fileRef = 5D7908FC202840330006C7AC /* GradeElement.swift */; };
		5D7E3C3E201F86BC00CB8721 /* LessonStatusType.swift in Sources */ = {isa = PBXBuildFile; fileRef = 5D7E3C3D201F86BC00CB8721 /* LessonStatusType.swift */; };
		5D8CB19B200CF7FC0073613D /* Alamofire.framework in Frameworks */ = {isa = PBXBuildFile; fileRef = 5DFAED88200A5C84000BC7CF /* Alamofire.framework */; };
		5D8CB19C200CF8020073613D /* SwiftyJSON.framework in Frameworks */ = {isa = PBXBuildFile; fileRef = 5DFAED4B200A2FD6000BC7CF /* SwiftyJSON.framework */; };
		5D8CB19E200D17C70073613D /* Person.swift in Sources */ = {isa = PBXBuildFile; fileRef = 5D8CB19D200D17C70073613D /* Person.swift */; };
		5D9281AA2021C86E00FA3902 /* CUTextField.xib in Resources */ = {isa = PBXBuildFile; fileRef = 5D9281A92021C86E00FA3902 /* CUTextField.xib */; };
		5D9281BA2021D68D00FA3902 /* CUTextField.swift in Sources */ = {isa = PBXBuildFile; fileRef = 5D9281B92021D68D00FA3902 /* CUTextField.swift */; };
		5D9AD88D2028958B0020E15A /* JsonUtil.swift in Sources */ = {isa = PBXBuildFile; fileRef = 5D9AD88C2028958B0020E15A /* JsonUtil.swift */; };
		5DA11AB1200D55D6001785F2 /* FileUtil.swift in Sources */ = {isa = PBXBuildFile; fileRef = 5DA11AB0200D55D6001785F2 /* FileUtil.swift */; };
		5DA27DC42009274100909C42 /* AppDelegate.swift in Sources */ = {isa = PBXBuildFile; fileRef = 5DA27DC32009274100909C42 /* AppDelegate.swift */; };
		5DA27DC82009274100909C42 /* Assets.xcassets in Resources */ = {isa = PBXBuildFile; fileRef = 5DA27DC72009274100909C42 /* Assets.xcassets */; };
		5DA27DCB2009274100909C42 /* Macister.storyboard in Resources */ = {isa = PBXBuildFile; fileRef = 5DA27DC92009274100909C42 /* Macister.storyboard */; };
		5DA27DD72009274100909C42 /* MacisterTests.swift in Sources */ = {isa = PBXBuildFile; fileRef = 5DA27DD62009274100909C42 /* MacisterTests.swift */; };
		5DA27DE22009274100909C42 /* MacisterUITests.swift in Sources */ = {isa = PBXBuildFile; fileRef = 5DA27DE12009274100909C42 /* MacisterUITests.swift */; };
		5DA53B8E20100223001DD8F2 /* LessonElement.xib in Resources */ = {isa = PBXBuildFile; fileRef = 5DA53B8D20100223001DD8F2 /* LessonElement.xib */; };
		5DA53B9020100266001DD8F2 /* LessonElement.swift in Sources */ = {isa = PBXBuildFile; fileRef = 5DA53B8F20100266001DD8F2 /* LessonElement.swift */; };
		5DAB9013200CB62E00705B36 /* HttpUtil.swift in Sources */ = {isa = PBXBuildFile; fileRef = 5DAB9012200CB62E00705B36 /* HttpUtil.swift */; };
		5DAEC60E201F123100AB7B13 /* GradePeriod.swift in Sources */ = {isa = PBXBuildFile; fileRef = 5DAEC60D201F123100AB7B13 /* GradePeriod.swift */; };
		5DAEC620201F152C00AB7B13 /* GradeColomn.swift in Sources */ = {isa = PBXBuildFile; fileRef = 5DAEC61F201F152C00AB7B13 /* GradeColomn.swift */; };
		5DAEC622201F16DE00AB7B13 /* RowType.swift in Sources */ = {isa = PBXBuildFile; fileRef = 5DAEC621201F16DE00AB7B13 /* RowType.swift */; };
		5DAEC627201F293200AB7B13 /* LessonHandler.swift in Sources */ = {isa = PBXBuildFile; fileRef = 5DAEC626201F293200AB7B13 /* LessonHandler.swift */; };
		5DE430662020C9420071C7A6 /* Alamofire.framework in Frameworks */ = {isa = PBXBuildFile; fileRef = 5DFAED88200A5C84000BC7CF /* Alamofire.framework */; };
		5DE430672020C9420071C7A6 /* Alamofire.framework in Embed Frameworks */ = {isa = PBXBuildFile; fileRef = 5DFAED88200A5C84000BC7CF /* Alamofire.framework */; settings = {ATTRIBUTES = (CodeSignOnCopy, RemoveHeadersOnCopy, ); }; };
		5DE430722020C9490071C7A6 /* SwiftyJSON.framework in Frameworks */ = {isa = PBXBuildFile; fileRef = 5DFAED4B200A2FD6000BC7CF /* SwiftyJSON.framework */; };
		5DE430732020C9490071C7A6 /* SwiftyJSON.framework in Embed Frameworks */ = {isa = PBXBuildFile; fileRef = 5DFAED4B200A2FD6000BC7CF /* SwiftyJSON.framework */; settings = {ATTRIBUTES = (CodeSignOnCopy, RemoveHeadersOnCopy, ); }; };
		5DE97BBF20286BA700A57475 /* GradeHandler.swift in Sources */ = {isa = PBXBuildFile; fileRef = 5DE97BBE20286BA700A57475 /* GradeHandler.swift */; };
		5DEE3BE720613368007E40E4 /* AssetHandler.swift in Sources */ = {isa = PBXBuildFile; fileRef = 5DEE3BE620613368007E40E4 /* AssetHandler.swift */; };
		5DEE3BF820613491007E40E4 /* Asset.swift in Sources */ = {isa = PBXBuildFile; fileRef = 5DEE3BF720613491007E40E4 /* Asset.swift */; };
		5DF54A43200BC89900278DAB /* EventMonitor.swift in Sources */ = {isa = PBXBuildFile; fileRef = 5DF54A42200BC89900278DAB /* EventMonitor.swift */; };
		5DF746F72019EDCF007E6650 /* Subject.swift in Sources */ = {isa = PBXBuildFile; fileRef = 5DF746F62019EDCF007E6650 /* Subject.swift */; };
		5DF747092019EDF2007E6650 /* Teacher.swift in Sources */ = {isa = PBXBuildFile; fileRef = 5DF747082019EDF2007E6650 /* Teacher.swift */; };
		5DF7470B2019EE2B007E6650 /* ClassRoom.swift in Sources */ = {isa = PBXBuildFile; fileRef = 5DF7470A2019EE2B007E6650 /* ClassRoom.swift */; };
		5DF747102019EEAC007E6650 /* LessonType.swift in Sources */ = {isa = PBXBuildFile; fileRef = 5DF7470F2019EEAC007E6650 /* LessonType.swift */; };
		5DF747132019F2EE007E6650 /* DisplayType.swift in Sources */ = {isa = PBXBuildFile; fileRef = 5DF747122019F2EE007E6650 /* DisplayType.swift */; };
		5DF747152019F34B007E6650 /* InfoType.swift in Sources */ = {isa = PBXBuildFile; fileRef = 5DF747142019F34B007E6650 /* InfoType.swift */; };
		5DF8601B2068DB6400969596 /* ColorPalette.swift in Sources */ = {isa = PBXBuildFile; fileRef = 5DF8601A2068DB6400969596 /* ColorPalette.swift */; };
		5DFAED5A200A4298000BC7CF /* School.swift in Sources */ = {isa = PBXBuildFile; fileRef = 5DFAED59200A4298000BC7CF /* School.swift */; };
		5DFAED5C200A4792000BC7CF /* MainViewController.swift in Sources */ = {isa = PBXBuildFile; fileRef = 5DFAED5B200A4792000BC7CF /* MainViewController.swift */; };
		5DFAED5E200A48B0000BC7CF /* Magister.swift in Sources */ = {isa = PBXBuildFile; fileRef = 5DFAED5D200A48B0000BC7CF /* Magister.swift */; };
		C6393FF7200FA6F900DD9F78 /* Grades.swift in Sources */ = {isa = PBXBuildFile; fileRef = C6393FF6200FA6F900DD9F78 /* Grades.swift */; };
/* End PBXBuildFile section */

/* Begin PBXContainerItemProxy section */
		5D00A4D320613DD200B77B0A /* PBXContainerItemProxy */ = {
			isa = PBXContainerItemProxy;
			containerPortal = 5D00A4CB20613DD100B77B0A /* RNCryptor.xcodeproj */;
			proxyType = 2;
			remoteGlobalIDString = FB627FCE1B2B7A1700C3A579;
			remoteInfo = RNCryptor;
		};
		5D00A4D520613DD200B77B0A /* PBXContainerItemProxy */ = {
			isa = PBXContainerItemProxy;
			containerPortal = 5D00A4CB20613DD100B77B0A /* RNCryptor.xcodeproj */;
			proxyType = 2;
			remoteGlobalIDString = FB627FD81B2B7A1800C3A579;
			remoteInfo = RNCryptorTests;
		};
		5D00A4D720613DD200B77B0A /* PBXContainerItemProxy */ = {
			isa = PBXContainerItemProxy;
			containerPortal = 5D00A4CB20613DD100B77B0A /* RNCryptor.xcodeproj */;
			proxyType = 2;
			remoteGlobalIDString = FBCF48D41B43286D00DCFB19;
			remoteInfo = "RNCryptor-OSX";
		};
		5D00A4D920613DD200B77B0A /* PBXContainerItemProxy */ = {
			isa = PBXContainerItemProxy;
			containerPortal = 5D00A4CB20613DD100B77B0A /* RNCryptor.xcodeproj */;
			proxyType = 2;
			remoteGlobalIDString = FBCF48DD1B43286D00DCFB19;
			remoteInfo = "RNCryptor-OSXTests";
		};
		5D00A4DB20613DD200B77B0A /* PBXContainerItemProxy */ = {
			isa = PBXContainerItemProxy;
			containerPortal = 5D00A4CB20613DD100B77B0A /* RNCryptor.xcodeproj */;
			proxyType = 2;
			remoteGlobalIDString = FB7F2FBF1D17438400A6283E;
			remoteInfo = RNCryptorPerfTests;
		};
		5D00A4E120613EBD00B77B0A /* PBXContainerItemProxy */ = {
			isa = PBXContainerItemProxy;
			containerPortal = 5D00A4CB20613DD100B77B0A /* RNCryptor.xcodeproj */;
			proxyType = 1;
			remoteGlobalIDString = FBCF48D31B43286D00DCFB19;
			remoteInfo = "RNCryptor-OSX";
		};
		5D74D5D52069447600E90A59 /* PBXContainerItemProxy */ = {
			isa = PBXContainerItemProxy;
			containerPortal = 5D74D5CF2069447500E90A59 /* HotKey.xcodeproj */;
			proxyType = 2;
			remoteGlobalIDString = 21887E361F2209DE00A05579;
			remoteInfo = HotKey;
		};
		5D74D5D72069447600E90A59 /* PBXContainerItemProxy */ = {
			isa = PBXContainerItemProxy;
			containerPortal = 5D74D5CF2069447500E90A59 /* HotKey.xcodeproj */;
			proxyType = 2;
			remoteGlobalIDString = 21887E3F1F2209DE00A05579;
			remoteInfo = HotKeyTests;
		};
		5D74D5D92069447600E90A59 /* PBXContainerItemProxy */ = {
			isa = PBXContainerItemProxy;
			containerPortal = 5D74D5CF2069447500E90A59 /* HotKey.xcodeproj */;
			proxyType = 2;
			remoteGlobalIDString = 21887E661F22154600A05579;
			remoteInfo = Example;
		};
		5D74D5DD2069448C00E90A59 /* PBXContainerItemProxy */ = {
			isa = PBXContainerItemProxy;
			containerPortal = 5D74D5CF2069447500E90A59 /* HotKey.xcodeproj */;
			proxyType = 1;
			remoteGlobalIDString = 21887E351F2209DE00A05579;
			remoteInfo = HotKey;
		};
		5DA27DD32009274100909C42 /* PBXContainerItemProxy */ = {
			isa = PBXContainerItemProxy;
			containerPortal = 5DA27DB82009274100909C42 /* Project object */;
			proxyType = 1;
			remoteGlobalIDString = 5DA27DBF2009274100909C42;
			remoteInfo = Macister;
		};
		5DA27DDE2009274100909C42 /* PBXContainerItemProxy */ = {
			isa = PBXContainerItemProxy;
			containerPortal = 5DA27DB82009274100909C42 /* Project object */;
			proxyType = 1;
			remoteGlobalIDString = 5DA27DBF2009274100909C42;
			remoteInfo = Macister;
		};
		5DE430682020C9420071C7A6 /* PBXContainerItemProxy */ = {
			isa = PBXContainerItemProxy;
			containerPortal = 5DFAED78200A5C83000BC7CF /* Alamofire.xcodeproj */;
			proxyType = 1;
			remoteGlobalIDString = 4DD67C0A1A5C55C900ED2280;
			remoteInfo = "Alamofire macOS";
		};
		5DE430742020C9490071C7A6 /* PBXContainerItemProxy */ = {
			isa = PBXContainerItemProxy;
			containerPortal = 5DFAED3B200A2FD6000BC7CF /* SwiftyJSON.xcodeproj */;
			proxyType = 1;
			remoteGlobalIDString = 9C7DFC5A1A9102BD005AA3F7;
			remoteInfo = "SwiftyJSON macOS";
		};
		5DFAED46200A2FD6000BC7CF /* PBXContainerItemProxy */ = {
			isa = PBXContainerItemProxy;
			containerPortal = 5DFAED3B200A2FD6000BC7CF /* SwiftyJSON.xcodeproj */;
			proxyType = 2;
			remoteGlobalIDString = 2E4FEFDB19575BE100351305;
			remoteInfo = "SwiftyJSON iOS";
		};
		5DFAED48200A2FD6000BC7CF /* PBXContainerItemProxy */ = {
			isa = PBXContainerItemProxy;
			containerPortal = 5DFAED3B200A2FD6000BC7CF /* SwiftyJSON.xcodeproj */;
			proxyType = 2;
			remoteGlobalIDString = 2E4FEFE619575BE100351305;
			remoteInfo = "SwiftyJSON iOS Tests";
		};
		5DFAED4A200A2FD6000BC7CF /* PBXContainerItemProxy */ = {
			isa = PBXContainerItemProxy;
			containerPortal = 5DFAED3B200A2FD6000BC7CF /* SwiftyJSON.xcodeproj */;
			proxyType = 2;
			remoteGlobalIDString = 9C7DFC5B1A9102BD005AA3F7;
			remoteInfo = "SwiftyJSON macOS";
		};
		5DFAED4C200A2FD6000BC7CF /* PBXContainerItemProxy */ = {
			isa = PBXContainerItemProxy;
			containerPortal = 5DFAED3B200A2FD6000BC7CF /* SwiftyJSON.xcodeproj */;
			proxyType = 2;
			remoteGlobalIDString = 9C7DFC651A9102BD005AA3F7;
			remoteInfo = "SwiftyJSON macOS Tests";
		};
		5DFAED4E200A2FD6000BC7CF /* PBXContainerItemProxy */ = {
			isa = PBXContainerItemProxy;
			containerPortal = 5DFAED3B200A2FD6000BC7CF /* SwiftyJSON.xcodeproj */;
			proxyType = 2;
			remoteGlobalIDString = E4D7CCE81B9465A700EE7221;
			remoteInfo = "SwiftyJSON watchOS";
		};
		5DFAED50200A2FD6000BC7CF /* PBXContainerItemProxy */ = {
			isa = PBXContainerItemProxy;
			containerPortal = 5DFAED3B200A2FD6000BC7CF /* SwiftyJSON.xcodeproj */;
			proxyType = 2;
			remoteGlobalIDString = 7236B4F61BAC14150020529B;
			remoteInfo = "SwiftyJSON tvOS";
		};
		5DFAED52200A2FD6000BC7CF /* PBXContainerItemProxy */ = {
			isa = PBXContainerItemProxy;
			containerPortal = 5DFAED3B200A2FD6000BC7CF /* SwiftyJSON.xcodeproj */;
			proxyType = 2;
			remoteGlobalIDString = A8580F741BCF5C5B00DA927B;
			remoteInfo = "SwiftyJSON tvOS Tests";
		};
		5DFAED83200A5C84000BC7CF /* PBXContainerItemProxy */ = {
			isa = PBXContainerItemProxy;
			containerPortal = 5DFAED78200A5C83000BC7CF /* Alamofire.xcodeproj */;
			proxyType = 2;
			remoteGlobalIDString = F8111E3319A95C8B0040E7D1;
			remoteInfo = "Alamofire iOS";
		};
		5DFAED85200A5C84000BC7CF /* PBXContainerItemProxy */ = {
			isa = PBXContainerItemProxy;
			containerPortal = 5DFAED78200A5C83000BC7CF /* Alamofire.xcodeproj */;
			proxyType = 2;
			remoteGlobalIDString = F8111E3E19A95C8B0040E7D1;
			remoteInfo = "Alamofire iOS Tests";
		};
		5DFAED87200A5C84000BC7CF /* PBXContainerItemProxy */ = {
			isa = PBXContainerItemProxy;
			containerPortal = 5DFAED78200A5C83000BC7CF /* Alamofire.xcodeproj */;
			proxyType = 2;
			remoteGlobalIDString = 4DD67C0B1A5C55C900ED2280;
			remoteInfo = "Alamofire macOS";
		};
		5DFAED89200A5C84000BC7CF /* PBXContainerItemProxy */ = {
			isa = PBXContainerItemProxy;
			containerPortal = 5DFAED78200A5C83000BC7CF /* Alamofire.xcodeproj */;
			proxyType = 2;
			remoteGlobalIDString = F829C6B21A7A94F100A2CD59;
			remoteInfo = "Alamofire macOS Tests";
		};
		5DFAED8B200A5C84000BC7CF /* PBXContainerItemProxy */ = {
			isa = PBXContainerItemProxy;
			containerPortal = 5DFAED78200A5C83000BC7CF /* Alamofire.xcodeproj */;
			proxyType = 2;
			remoteGlobalIDString = 4CF626EF1BA7CB3E0011A099;
			remoteInfo = "Alamofire tvOS";
		};
		5DFAED8D200A5C84000BC7CF /* PBXContainerItemProxy */ = {
			isa = PBXContainerItemProxy;
			containerPortal = 5DFAED78200A5C83000BC7CF /* Alamofire.xcodeproj */;
			proxyType = 2;
			remoteGlobalIDString = 4CF626F81BA7CB3E0011A099;
			remoteInfo = "Alamofire tvOS Tests";
		};
		5DFAED8F200A5C84000BC7CF /* PBXContainerItemProxy */ = {
			isa = PBXContainerItemProxy;
			containerPortal = 5DFAED78200A5C83000BC7CF /* Alamofire.xcodeproj */;
			proxyType = 2;
			remoteGlobalIDString = E4202FE01B667AA100C997FB;
			remoteInfo = "Alamofire watchOS";
		};
/* End PBXContainerItemProxy section */

/* Begin PBXCopyFilesBuildPhase section */
		5D2621E72009664C006BE4DA /* Embed Frameworks */ = {
			isa = PBXCopyFilesBuildPhase;
			buildActionMask = 2147483647;
			dstPath = "";
			dstSubfolderSpec = 10;
			files = (
				5D74D5DC2069448C00E90A59 /* HotKey.framework in Embed Frameworks */,
				5DE430732020C9490071C7A6 /* SwiftyJSON.framework in Embed Frameworks */,
				5D00A4E020613EBD00B77B0A /* RNCryptor.framework in Embed Frameworks */,
				5DE430672020C9420071C7A6 /* Alamofire.framework in Embed Frameworks */,
			);
			name = "Embed Frameworks";
			runOnlyForDeploymentPostprocessing = 0;
		};
/* End PBXCopyFilesBuildPhase section */

/* Begin PBXFileReference section */
		325103B1BD4D0B957E5FBDBE /* Account.swift */ = {isa = PBXFileReference; fileEncoding = 4; lastKnownFileType = sourcecode.swift; path = Account.swift; sourceTree = "<group>"; };
		32510517A416ACC98321249B /* Grade.swift */ = {isa = PBXFileReference; fileEncoding = 4; lastKnownFileType = sourcecode.swift; path = Grade.swift; sourceTree = "<group>"; };
		325107C6ABAB648C9B2A98E7 /* StudentUrl.swift */ = {isa = PBXFileReference; fileEncoding = 4; lastKnownFileType = sourcecode.swift; path = StudentUrl.swift; sourceTree = "<group>"; };
		3251083F745E625D541E9F52 /* SchoolUrl.swift */ = {isa = PBXFileReference; fileEncoding = 4; lastKnownFileType = sourcecode.swift; path = SchoolUrl.swift; sourceTree = "<group>"; };
		3251087250EDA4D6C703A278 /* AccountUrl.swift */ = {isa = PBXFileReference; fileEncoding = 4; lastKnownFileType = sourcecode.swift; path = AccountUrl.swift; sourceTree = "<group>"; };
		32510F33F605D20AFFE2846F /* PersonUrl.swift */ = {isa = PBXFileReference; fileEncoding = 4; lastKnownFileType = sourcecode.swift; path = PersonUrl.swift; sourceTree = "<group>"; };
		5D00A4BB20613D6400B77B0A /* EncryptionUtil.swift */ = {isa = PBXFileReference; lastKnownFileType = sourcecode.swift; path = EncryptionUtil.swift; sourceTree = "<group>"; };
		5D00A4CB20613DD100B77B0A /* RNCryptor.xcodeproj */ = {isa = PBXFileReference; lastKnownFileType = "wrapper.pb-project"; name = RNCryptor.xcodeproj; path = Libs/RNCryptor/RNCryptor.xcodeproj; sourceTree = "<group>"; };
		5D016651200FA4FE00C0E1D9 /* MainUrl.swift */ = {isa = PBXFileReference; lastKnownFileType = sourcecode.swift; path = MainUrl.swift; sourceTree = "<group>"; };
		5D016665200FB55000C0E1D9 /* StudyUrl.swift */ = {isa = PBXFileReference; lastKnownFileType = sourcecode.swift; path = StudyUrl.swift; sourceTree = "<group>"; };
		5D041AF2200E2CF800FFBF6A /* StudyInfo.swift */ = {isa = PBXFileReference; lastKnownFileType = sourcecode.swift; path = StudyInfo.swift; sourceTree = "<group>"; };
		5D041B04200E2D0E00FFBF6A /* Group.swift */ = {isa = PBXFileReference; lastKnownFileType = sourcecode.swift; path = Group.swift; sourceTree = "<group>"; };
		5D041B06200E549D00FFBF6A /* Studies.swift */ = {isa = PBXFileReference; lastKnownFileType = sourcecode.swift; path = Studies.swift; sourceTree = "<group>"; };
		5D041B08200E5EDD00FFBF6A /* DateUtil.swift */ = {isa = PBXFileReference; lastKnownFileType = sourcecode.swift; path = DateUtil.swift; sourceTree = "<group>"; };
		5D118544200E08F4003EE455 /* Study.swift */ = {isa = PBXFileReference; lastKnownFileType = sourcecode.swift; path = Study.swift; sourceTree = "<group>"; };
		5D14C90920614B61003E14D0 /* MailElement.xib */ = {isa = PBXFileReference; lastKnownFileType = file.xib; path = MailElement.xib; sourceTree = "<group>"; };
		5D14C91D20614F8E003E14D0 /* MailElement.swift */ = {isa = PBXFileReference; lastKnownFileType = sourcecode.swift; path = MailElement.swift; sourceTree = "<group>"; };
		5D26213920095243006BE4DA /* FindSchoolViewController.swift */ = {isa = PBXFileReference; lastKnownFileType = sourcecode.swift; path = FindSchoolViewController.swift; sourceTree = "<group>"; };
		5D26213B20095256006BE4DA /* LoginViewController.swift */ = {isa = PBXFileReference; lastKnownFileType = sourcecode.swift; path = LoginViewController.swift; sourceTree = "<group>"; };
		5D3F833820623C820018DE32 /* MailHandler.swift */ = {isa = PBXFileReference; lastKnownFileType = sourcecode.swift; path = MailHandler.swift; sourceTree = "<group>"; };
		5D505274202107B700DE3F8F /* Fonts */ = {isa = PBXFileReference; lastKnownFileType = folder; path = Fonts; sourceTree = "<group>"; };
		5D50DA77202B2653005A8765 /* Message.swift */ = {isa = PBXFileReference; lastKnownFileType = sourcecode.swift; path = Message.swift; sourceTree = "<group>"; };
		5D50DA79202B3BE0005A8765 /* MessageStatusType.swift */ = {isa = PBXFileReference; lastKnownFileType = sourcecode.swift; path = MessageStatusType.swift; sourceTree = "<group>"; };
		5D50DA7B202B402C005A8765 /* MessageType.swift */ = {isa = PBXFileReference; lastKnownFileType = sourcecode.swift; path = MessageType.swift; sourceTree = "<group>"; };
		5D50DA7D202B40D2005A8765 /* Contact.swift */ = {isa = PBXFileReference; lastKnownFileType = sourcecode.swift; path = Contact.swift; sourceTree = "<group>"; };
		5D50DA7F202B4168005A8765 /* ContactType.swift */ = {isa = PBXFileReference; lastKnownFileType = sourcecode.swift; path = ContactType.swift; sourceTree = "<group>"; };
		5D546095200DE8D4002C0D74 /* TodayViewController.swift */ = {isa = PBXFileReference; lastKnownFileType = sourcecode.swift; path = TodayViewController.swift; sourceTree = "<group>"; };
		5D5460A7200DE9FD002C0D74 /* CalendarViewController.swift */ = {isa = PBXFileReference; lastKnownFileType = sourcecode.swift; path = CalendarViewController.swift; sourceTree = "<group>"; };
		5D68E5F720232C0B0065F4C4 /* CUComboBox.xib */ = {isa = PBXFileReference; lastKnownFileType = file.xib; path = CUComboBox.xib; sourceTree = "<group>"; };
		5D68E60720232DDA0065F4C4 /* CUComboBox.swift */ = {isa = PBXFileReference; lastKnownFileType = sourcecode.swift; path = CUComboBox.swift; sourceTree = "<group>"; };
		5D6F520520161535004C63BA /* Lesson.swift */ = {isa = PBXFileReference; lastKnownFileType = sourcecode.swift; path = Lesson.swift; sourceTree = "<group>"; };
		5D74D5CF2069447500E90A59 /* HotKey.xcodeproj */ = {isa = PBXFileReference; lastKnownFileType = "wrapper.pb-project"; name = HotKey.xcodeproj; path = "Libs/HotKey-0.1.0/HotKey.xcodeproj"; sourceTree = "<group>"; };
		5D7908EC202840240006C7AC /* GradeElement.xib */ = {isa = PBXFileReference; lastKnownFileType = file.xib; path = GradeElement.xib; sourceTree = "<group>"; };
		5D7908FC202840330006C7AC /* GradeElement.swift */ = {isa = PBXFileReference; lastKnownFileType = sourcecode.swift; path = GradeElement.swift; sourceTree = "<group>"; };
		5D7E3C3D201F86BC00CB8721 /* LessonStatusType.swift */ = {isa = PBXFileReference; lastKnownFileType = sourcecode.swift; path = LessonStatusType.swift; sourceTree = "<group>"; };
		5D8CB19D200D17C70073613D /* Person.swift */ = {isa = PBXFileReference; lastKnownFileType = sourcecode.swift; path = Person.swift; sourceTree = "<group>"; };
		5D9281A92021C86E00FA3902 /* CUTextField.xib */ = {isa = PBXFileReference; lastKnownFileType = file.xib; path = CUTextField.xib; sourceTree = "<group>"; };
		5D9281B92021D68D00FA3902 /* CUTextField.swift */ = {isa = PBXFileReference; lastKnownFileType = sourcecode.swift; path = CUTextField.swift; sourceTree = "<group>"; };
		5D9AD88C2028958B0020E15A /* JsonUtil.swift */ = {isa = PBXFileReference; lastKnownFileType = sourcecode.swift; path = JsonUtil.swift; sourceTree = "<group>"; };
		5DA11AB0200D55D6001785F2 /* FileUtil.swift */ = {isa = PBXFileReference; lastKnownFileType = sourcecode.swift; path = FileUtil.swift; sourceTree = "<group>"; };
		5DA27DC02009274100909C42 /* Macister.app */ = {isa = PBXFileReference; explicitFileType = wrapper.application; includeInIndex = 0; path = Macister.app; sourceTree = BUILT_PRODUCTS_DIR; };
		5DA27DC32009274100909C42 /* AppDelegate.swift */ = {isa = PBXFileReference; lastKnownFileType = sourcecode.swift; path = AppDelegate.swift; sourceTree = "<group>"; };
		5DA27DC72009274100909C42 /* Assets.xcassets */ = {isa = PBXFileReference; lastKnownFileType = folder.assetcatalog; path = Assets.xcassets; sourceTree = "<group>"; };
		5DA27DCA2009274100909C42 /* Base */ = {isa = PBXFileReference; lastKnownFileType = file.storyboard; name = Base; path = Base.lproj/Macister.storyboard; sourceTree = "<group>"; };
		5DA27DCC2009274100909C42 /* Info.plist */ = {isa = PBXFileReference; lastKnownFileType = text.plist.xml; path = Info.plist; sourceTree = "<group>"; };
		5DA27DCD2009274100909C42 /* Macister.entitlements */ = {isa = PBXFileReference; lastKnownFileType = text.plist.entitlements; path = Macister.entitlements; sourceTree = "<group>"; };
		5DA27DD22009274100909C42 /* MacisterTests.xctest */ = {isa = PBXFileReference; explicitFileType = wrapper.cfbundle; includeInIndex = 0; path = MacisterTests.xctest; sourceTree = BUILT_PRODUCTS_DIR; };
		5DA27DD62009274100909C42 /* MacisterTests.swift */ = {isa = PBXFileReference; lastKnownFileType = sourcecode.swift; path = MacisterTests.swift; sourceTree = "<group>"; };
		5DA27DD82009274100909C42 /* Info.plist */ = {isa = PBXFileReference; lastKnownFileType = text.plist.xml; path = Info.plist; sourceTree = "<group>"; };
		5DA27DDD2009274100909C42 /* MacisterUITests.xctest */ = {isa = PBXFileReference; explicitFileType = wrapper.cfbundle; includeInIndex = 0; path = MacisterUITests.xctest; sourceTree = BUILT_PRODUCTS_DIR; };
		5DA27DE12009274100909C42 /* MacisterUITests.swift */ = {isa = PBXFileReference; lastKnownFileType = sourcecode.swift; path = MacisterUITests.swift; sourceTree = "<group>"; };
		5DA27DE32009274100909C42 /* Info.plist */ = {isa = PBXFileReference; lastKnownFileType = text.plist.xml; path = Info.plist; sourceTree = "<group>"; };
		5DA53B8D20100223001DD8F2 /* LessonElement.xib */ = {isa = PBXFileReference; lastKnownFileType = file.xib; path = LessonElement.xib; sourceTree = "<group>"; };
		5DA53B8F20100266001DD8F2 /* LessonElement.swift */ = {isa = PBXFileReference; lastKnownFileType = sourcecode.swift; path = LessonElement.swift; sourceTree = "<group>"; };
		5DAB9012200CB62E00705B36 /* HttpUtil.swift */ = {isa = PBXFileReference; lastKnownFileType = sourcecode.swift; path = HttpUtil.swift; sourceTree = "<group>"; };
		5DAEC60D201F123100AB7B13 /* GradePeriod.swift */ = {isa = PBXFileReference; lastKnownFileType = sourcecode.swift; path = GradePeriod.swift; sourceTree = "<group>"; };
		5DAEC61F201F152C00AB7B13 /* GradeColomn.swift */ = {isa = PBXFileReference; lastKnownFileType = sourcecode.swift; path = GradeColomn.swift; sourceTree = "<group>"; };
		5DAEC621201F16DE00AB7B13 /* RowType.swift */ = {isa = PBXFileReference; lastKnownFileType = sourcecode.swift; path = RowType.swift; sourceTree = "<group>"; };
		5DAEC626201F293200AB7B13 /* LessonHandler.swift */ = {isa = PBXFileReference; lastKnownFileType = sourcecode.swift; path = LessonHandler.swift; sourceTree = "<group>"; };
		5DE97BBE20286BA700A57475 /* GradeHandler.swift */ = {isa = PBXFileReference; lastKnownFileType = sourcecode.swift; path = GradeHandler.swift; sourceTree = "<group>"; };
		5DEE3BE620613368007E40E4 /* AssetHandler.swift */ = {isa = PBXFileReference; lastKnownFileType = sourcecode.swift; path = AssetHandler.swift; sourceTree = "<group>"; };
		5DEE3BF720613491007E40E4 /* Asset.swift */ = {isa = PBXFileReference; lastKnownFileType = sourcecode.swift; path = Asset.swift; sourceTree = "<group>"; };
		5DF54A42200BC89900278DAB /* EventMonitor.swift */ = {isa = PBXFileReference; lastKnownFileType = sourcecode.swift; path = EventMonitor.swift; sourceTree = "<group>"; };
		5DF746F62019EDCF007E6650 /* Subject.swift */ = {isa = PBXFileReference; lastKnownFileType = sourcecode.swift; path = Subject.swift; sourceTree = "<group>"; };
		5DF747082019EDF2007E6650 /* Teacher.swift */ = {isa = PBXFileReference; lastKnownFileType = sourcecode.swift; path = Teacher.swift; sourceTree = "<group>"; };
		5DF7470A2019EE2B007E6650 /* ClassRoom.swift */ = {isa = PBXFileReference; lastKnownFileType = sourcecode.swift; path = ClassRoom.swift; sourceTree = "<group>"; };
		5DF7470F2019EEAC007E6650 /* LessonType.swift */ = {isa = PBXFileReference; lastKnownFileType = sourcecode.swift; path = LessonType.swift; sourceTree = "<group>"; };
		5DF747122019F2EE007E6650 /* DisplayType.swift */ = {isa = PBXFileReference; lastKnownFileType = sourcecode.swift; path = DisplayType.swift; sourceTree = "<group>"; };
		5DF747142019F34B007E6650 /* InfoType.swift */ = {isa = PBXFileReference; lastKnownFileType = sourcecode.swift; path = InfoType.swift; sourceTree = "<group>"; };
		5DF8601A2068DB6400969596 /* ColorPalette.swift */ = {isa = PBXFileReference; lastKnownFileType = sourcecode.swift; path = ColorPalette.swift; sourceTree = "<group>"; };
		5DFAED3B200A2FD6000BC7CF /* SwiftyJSON.xcodeproj */ = {isa = PBXFileReference; lastKnownFileType = "wrapper.pb-project"; name = SwiftyJSON.xcodeproj; path = Libs/SwiftyJSON/SwiftyJSON.xcodeproj; sourceTree = "<group>"; };
		5DFAED59200A4298000BC7CF /* School.swift */ = {isa = PBXFileReference; lastKnownFileType = sourcecode.swift; path = School.swift; sourceTree = "<group>"; };
		5DFAED5B200A4792000BC7CF /* MainViewController.swift */ = {isa = PBXFileReference; lastKnownFileType = sourcecode.swift; path = MainViewController.swift; sourceTree = "<group>"; };
		5DFAED5D200A48B0000BC7CF /* Magister.swift */ = {isa = PBXFileReference; lastKnownFileType = sourcecode.swift; path = Magister.swift; sourceTree = "<group>"; };
		5DFAED78200A5C83000BC7CF /* Alamofire.xcodeproj */ = {isa = PBXFileReference; lastKnownFileType = "wrapper.pb-project"; name = Alamofire.xcodeproj; path = Libs/Alamofire/Alamofire.xcodeproj; sourceTree = "<group>"; };
		C6393FF6200FA6F900DD9F78 /* Grades.swift */ = {isa = PBXFileReference; lastKnownFileType = sourcecode.swift; path = Grades.swift; sourceTree = "<group>"; };
/* End PBXFileReference section */

/* Begin PBXFrameworksBuildPhase section */
		5DA27DBD2009274100909C42 /* Frameworks */ = {
			isa = PBXFrameworksBuildPhase;
			buildActionMask = 2147483647;
			files = (
				5D74D5DB2069448C00E90A59 /* HotKey.framework in Frameworks */,
				5DE430722020C9490071C7A6 /* SwiftyJSON.framework in Frameworks */,
				5D8CB19C200CF8020073613D /* SwiftyJSON.framework in Frameworks */,
				5D00A4DF20613EBD00B77B0A /* RNCryptor.framework in Frameworks */,
				5DE430662020C9420071C7A6 /* Alamofire.framework in Frameworks */,
				5D8CB19B200CF7FC0073613D /* Alamofire.framework in Frameworks */,
			);
			runOnlyForDeploymentPostprocessing = 0;
		};
		5DA27DCF2009274100909C42 /* Frameworks */ = {
			isa = PBXFrameworksBuildPhase;
			buildActionMask = 2147483647;
			files = (
			);
			runOnlyForDeploymentPostprocessing = 0;
		};
		5DA27DDA2009274100909C42 /* Frameworks */ = {
			isa = PBXFrameworksBuildPhase;
			buildActionMask = 2147483647;
			files = (
			);
			runOnlyForDeploymentPostprocessing = 0;
		};
/* End PBXFrameworksBuildPhase section */

/* Begin PBXGroup section */
		325104154C343031730B3840 /* Url */ = {
			isa = PBXGroup;
			children = (
				3251083F745E625D541E9F52 /* SchoolUrl.swift */,
				32510F33F605D20AFFE2846F /* PersonUrl.swift */,
				325107C6ABAB648C9B2A98E7 /* StudentUrl.swift */,
				3251087250EDA4D6C703A278 /* AccountUrl.swift */,
				5D016651200FA4FE00C0E1D9 /* MainUrl.swift */,
				5D016665200FB55000C0E1D9 /* StudyUrl.swift */,
			);
			path = Url;
			sourceTree = "<group>";
		};
		5D00A4CC20613DD100B77B0A /* Products */ = {
			isa = PBXGroup;
			children = (
				5D00A4D420613DD200B77B0A /* RNCryptor.framework */,
				5D00A4D620613DD200B77B0A /* RNCryptorTests.xctest */,
				5D00A4D820613DD200B77B0A /* RNCryptor.framework */,
				5D00A4DA20613DD200B77B0A /* RNCryptor-OSXTests.xctest */,
				5D00A4DC20613DD200B77B0A /* RNCryptorPerfTests.xctest */,
			);
			name = Products;
			sourceTree = "<group>";
		};
		5D2621FA2009678B006BE4DA /* Frameworks */ = {
			isa = PBXGroup;
			children = (
			);
			name = Frameworks;
			sourceTree = "<group>";
		};
		5D50DA66202B25AF005A8765 /* Message */ = {
			isa = PBXGroup;
			children = (
				5D50DA77202B2653005A8765 /* Message.swift */,
				5D50DA7D202B40D2005A8765 /* Contact.swift */,
			);
			path = Message;
			sourceTree = "<group>";
		};
		5D74D5D02069447500E90A59 /* Products */ = {
			isa = PBXGroup;
			children = (
				5D74D5D62069447600E90A59 /* HotKey.framework */,
				5D74D5D82069447600E90A59 /* HotKeyTests.xctest */,
				5D74D5DA2069447600E90A59 /* Example.app */,
			);
			name = Products;
			sourceTree = "<group>";
		};
		5DA27DB72009274100909C42 = {
			isa = PBXGroup;
			children = (
				5D505274202107B700DE3F8F /* Fonts */,
				5DFAED78200A5C83000BC7CF /* Alamofire.xcodeproj */,
				5DFAED3B200A2FD6000BC7CF /* SwiftyJSON.xcodeproj */,
				5D00A4CB20613DD100B77B0A /* RNCryptor.xcodeproj */,
				5D74D5CF2069447500E90A59 /* HotKey.xcodeproj */,
				5DA27DC22009274100909C42 /* Macister */,
				5DA27DD52009274100909C42 /* MacisterTests */,
				5DA27DE02009274100909C42 /* MacisterUITests */,
				5DA27DC12009274100909C42 /* Products */,
				5D2621FA2009678B006BE4DA /* Frameworks */,
			);
			sourceTree = "<group>";
		};
		5DA27DC12009274100909C42 /* Products */ = {
			isa = PBXGroup;
			children = (
				5DA27DC02009274100909C42 /* Macister.app */,
				5DA27DD22009274100909C42 /* MacisterTests.xctest */,
				5DA27DDD2009274100909C42 /* MacisterUITests.xctest */,
			);
			name = Products;
			sourceTree = "<group>";
		};
		5DA27DC22009274100909C42 /* Macister */ = {
			isa = PBXGroup;
			children = (
				5DA27DC72009274100909C42 /* Assets.xcassets */,
				5DA27DCC2009274100909C42 /* Info.plist */,
				5DA27DCD2009274100909C42 /* Macister.entitlements */,
				5DA27DC92009274100909C42 /* Macister.storyboard */,
				5DA53B8C201001FD001DD8F2 /* Custom Objects */,
				5DAB9001200CB60A00705B36 /* Utils */,
				5DEE3BF62061347C007E40E4 /* Entities */,
				5DAEC625201F282500AB7B13 /* Handlers */,
				5DA27DC32009274100909C42 /* AppDelegate.swift */,
				5DF54A42200BC89900278DAB /* EventMonitor.swift */,
				5D26213920095243006BE4DA /* FindSchoolViewController.swift */,
				5D26213B20095256006BE4DA /* LoginViewController.swift */,
				5DFAED5B200A4792000BC7CF /* MainViewController.swift */,
				5D546095200DE8D4002C0D74 /* TodayViewController.swift */,
				5D5460A7200DE9FD002C0D74 /* CalendarViewController.swift */,
			);
			path = Macister;
			sourceTree = "<group>";
		};
		5DA27DD52009274100909C42 /* MacisterTests */ = {
			isa = PBXGroup;
			children = (
				5DA27DD62009274100909C42 /* MacisterTests.swift */,
				5DA27DD82009274100909C42 /* Info.plist */,
			);
			path = MacisterTests;
			sourceTree = "<group>";
		};
		5DA27DE02009274100909C42 /* MacisterUITests */ = {
			isa = PBXGroup;
			children = (
				5DA27DE12009274100909C42 /* MacisterUITests.swift */,
				5DA27DE32009274100909C42 /* Info.plist */,
			);
			path = MacisterUITests;
			sourceTree = "<group>";
		};
		5DA53B8C201001FD001DD8F2 /* Custom Objects */ = {
			isa = PBXGroup;
			children = (
				5DA53B8D20100223001DD8F2 /* LessonElement.xib */,
				5DA53B8F20100266001DD8F2 /* LessonElement.swift */,
				5D7908EC202840240006C7AC /* GradeElement.xib */,
				5D7908FC202840330006C7AC /* GradeElement.swift */,
				5D14C90920614B61003E14D0 /* MailElement.xib */,
				5D14C91D20614F8E003E14D0 /* MailElement.swift */,
				5D9281A92021C86E00FA3902 /* CUTextField.xib */,
				5D9281B92021D68D00FA3902 /* CUTextField.swift */,
				5D68E5F720232C0B0065F4C4 /* CUComboBox.xib */,
				5D68E60720232DDA0065F4C4 /* CUComboBox.swift */,
			);
			path = "Custom Objects";
			sourceTree = "<group>";
		};
		5DAB9001200CB60A00705B36 /* Utils */ = {
			isa = PBXGroup;
			children = (
				5DAB9012200CB62E00705B36 /* HttpUtil.swift */,
				5DA11AB0200D55D6001785F2 /* FileUtil.swift */,
				5D041B08200E5EDD00FFBF6A /* DateUtil.swift */,
				5D9AD88C2028958B0020E15A /* JsonUtil.swift */,
				5DEE3BE620613368007E40E4 /* AssetHandler.swift */,
				5D00A4BB20613D6400B77B0A /* EncryptionUtil.swift */,
				5DF8601A2068DB6400969596 /* ColorPalette.swift */,
			);
			path = Utils;
			sourceTree = "<group>";
		};
		5DAEC623201F18B200AB7B13 /* Grade */ = {
			isa = PBXGroup;
			children = (
				32510517A416ACC98321249B /* Grade.swift */,
				C6393FF6200FA6F900DD9F78 /* Grades.swift */,
				5DAEC60D201F123100AB7B13 /* GradePeriod.swift */,
				5DAEC61F201F152C00AB7B13 /* GradeColomn.swift */,
			);
			path = Grade;
			sourceTree = "<group>";
		};
		5DAEC625201F282500AB7B13 /* Handlers */ = {
			isa = PBXGroup;
			children = (
				5DFAED59200A4298000BC7CF /* School.swift */,
				5DFAED5D200A48B0000BC7CF /* Magister.swift */,
				5DAEC626201F293200AB7B13 /* LessonHandler.swift */,
				5DE97BBE20286BA700A57475 /* GradeHandler.swift */,
				5D3F833820623C820018DE32 /* MailHandler.swift */,
			);
			path = Handlers;
			sourceTree = "<group>";
		};
		5DC7074A202D946D005B777D /* Lesson */ = {
			isa = PBXGroup;
			children = (
				5DF747082019EDF2007E6650 /* Teacher.swift */,
				5D6F520520161535004C63BA /* Lesson.swift */,
				5DF7470A2019EE2B007E6650 /* ClassRoom.swift */,
			);
			path = Lesson;
			sourceTree = "<group>";
		};
		5DEE3BF62061347C007E40E4 /* Entities */ = {
			isa = PBXGroup;
			children = (
				5DFAED56200A420C000BC7CF /* Magister */,
				5DEE3BF720613491007E40E4 /* Asset.swift */,
			);
			path = Entities;
			sourceTree = "<group>";
		};
		5DF7470C2019EE4D007E6650 /* Type */ = {
			isa = PBXGroup;
			children = (
				5DF7470F2019EEAC007E6650 /* LessonType.swift */,
				5DF747122019F2EE007E6650 /* DisplayType.swift */,
				5DF747142019F34B007E6650 /* InfoType.swift */,
				5DAEC621201F16DE00AB7B13 /* RowType.swift */,
				5D7E3C3D201F86BC00CB8721 /* LessonStatusType.swift */,
				5D50DA79202B3BE0005A8765 /* MessageStatusType.swift */,
				5D50DA7B202B402C005A8765 /* MessageType.swift */,
				5D50DA7F202B4168005A8765 /* ContactType.swift */,
			);
			path = Type;
			sourceTree = "<group>";
		};
		5DFAED3C200A2FD6000BC7CF /* Products */ = {
			isa = PBXGroup;
			children = (
				5DFAED47200A2FD6000BC7CF /* SwiftyJSON.framework */,
				5DFAED49200A2FD6000BC7CF /* SwiftyJSON iOS Tests.xctest */,
				5DFAED4B200A2FD6000BC7CF /* SwiftyJSON.framework */,
				5DFAED4D200A2FD6000BC7CF /* SwiftyJSON macOS Tests.xctest */,
				5DFAED4F200A2FD6000BC7CF /* SwiftyJSON.framework */,
				5DFAED51200A2FD6000BC7CF /* SwiftyJSON.framework */,
				5DFAED53200A2FD6000BC7CF /* SwiftyJSON tvOS Tests.xctest */,
			);
			name = Products;
			sourceTree = "<group>";
		};
		5DFAED56200A420C000BC7CF /* Magister */ = {
			isa = PBXGroup;
			children = (
				325104154C343031730B3840 /* Url */,
				5DF7470C2019EE4D007E6650 /* Type */,
				5DAEC623201F18B200AB7B13 /* Grade */,
				5D50DA66202B25AF005A8765 /* Message */,
				5DC7074A202D946D005B777D /* Lesson */,
				5D8CB19D200D17C70073613D /* Person.swift */,
				5D118544200E08F4003EE455 /* Study.swift */,
				5D041AF2200E2CF800FFBF6A /* StudyInfo.swift */,
				5D041B06200E549D00FFBF6A /* Studies.swift */,
				5D041B04200E2D0E00FFBF6A /* Group.swift */,
				325103B1BD4D0B957E5FBDBE /* Account.swift */,
				5DF746F62019EDCF007E6650 /* Subject.swift */,
			);
			path = Magister;
			sourceTree = "<group>";
		};
		5DFAED79200A5C83000BC7CF /* Products */ = {
			isa = PBXGroup;
			children = (
				5DFAED84200A5C84000BC7CF /* Alamofire.framework */,
				5DFAED86200A5C84000BC7CF /* Alamofire iOS Tests.xctest */,
				5DFAED88200A5C84000BC7CF /* Alamofire.framework */,
				5DFAED8A200A5C84000BC7CF /* Alamofire macOS Tests.xctest */,
				5DFAED8C200A5C84000BC7CF /* Alamofire.framework */,
				5DFAED8E200A5C84000BC7CF /* Alamofire tvOS Tests.xctest */,
				5DFAED90200A5C84000BC7CF /* Alamofire.framework */,
			);
			name = Products;
			sourceTree = "<group>";
		};
/* End PBXGroup section */

/* Begin PBXNativeTarget section */
		5DA27DBF2009274100909C42 /* Macister */ = {
			isa = PBXNativeTarget;
			buildConfigurationList = 5DA27DE62009274100909C42 /* Build configuration list for PBXNativeTarget "Macister" */;
			buildPhases = (
				5DA27DBC2009274100909C42 /* Sources */,
				5DA27DBD2009274100909C42 /* Frameworks */,
				5DA27DBE2009274100909C42 /* Resources */,
				5D2621E72009664C006BE4DA /* Embed Frameworks */,
			);
			buildRules = (
			);
			dependencies = (
				5DE430692020C9420071C7A6 /* PBXTargetDependency */,
				5DE430752020C9490071C7A6 /* PBXTargetDependency */,
				5D00A4E220613EBD00B77B0A /* PBXTargetDependency */,
				5D74D5DE2069448C00E90A59 /* PBXTargetDependency */,
			);
			name = Macister;
			productName = Macister;
			productReference = 5DA27DC02009274100909C42 /* Macister.app */;
			productType = "com.apple.product-type.application";
		};
		5DA27DD12009274100909C42 /* MacisterTests */ = {
			isa = PBXNativeTarget;
			buildConfigurationList = 5DA27DE92009274100909C42 /* Build configuration list for PBXNativeTarget "MacisterTests" */;
			buildPhases = (
				5DA27DCE2009274100909C42 /* Sources */,
				5DA27DCF2009274100909C42 /* Frameworks */,
				5DA27DD02009274100909C42 /* Resources */,
			);
			buildRules = (
			);
			dependencies = (
				5DA27DD42009274100909C42 /* PBXTargetDependency */,
			);
			name = MacisterTests;
			productName = MacisterTests;
			productReference = 5DA27DD22009274100909C42 /* MacisterTests.xctest */;
			productType = "com.apple.product-type.bundle.unit-test";
		};
		5DA27DDC2009274100909C42 /* MacisterUITests */ = {
			isa = PBXNativeTarget;
			buildConfigurationList = 5DA27DEC2009274100909C42 /* Build configuration list for PBXNativeTarget "MacisterUITests" */;
			buildPhases = (
				5DA27DD92009274100909C42 /* Sources */,
				5DA27DDA2009274100909C42 /* Frameworks */,
				5DA27DDB2009274100909C42 /* Resources */,
			);
			buildRules = (
			);
			dependencies = (
				5DA27DDF2009274100909C42 /* PBXTargetDependency */,
			);
			name = MacisterUITests;
			productName = MacisterUITests;
			productReference = 5DA27DDD2009274100909C42 /* MacisterUITests.xctest */;
			productType = "com.apple.product-type.bundle.ui-testing";
		};
/* End PBXNativeTarget section */

/* Begin PBXProject section */
		5DA27DB82009274100909C42 /* Project object */ = {
			isa = PBXProject;
			attributes = {
				LastSwiftUpdateCheck = 0920;
				LastUpgradeCheck = 0920;
				ORGANIZATIONNAME = "Koen van Staveren";
				TargetAttributes = {
					5DA27DBF2009274100909C42 = {
						CreatedOnToolsVersion = 9.2;
						ProvisioningStyle = Automatic;
						SystemCapabilities = {
							com.apple.ApplicationGroups.Mac = {
								enabled = 0;
							};
							com.apple.Keychain = {
								enabled = 0;
							};
							com.apple.Sandbox = {
								enabled = 0;
							};
						};
					};
					5DA27DD12009274100909C42 = {
						CreatedOnToolsVersion = 9.2;
						ProvisioningStyle = Automatic;
						TestTargetID = 5DA27DBF2009274100909C42;
					};
					5DA27DDC2009274100909C42 = {
						CreatedOnToolsVersion = 9.2;
						ProvisioningStyle = Automatic;
						TestTargetID = 5DA27DBF2009274100909C42;
					};
				};
			};
			buildConfigurationList = 5DA27DBB2009274100909C42 /* Build configuration list for PBXProject "Macister" */;
			compatibilityVersion = "Xcode 8.0";
			developmentRegion = en;
			hasScannedForEncodings = 0;
			knownRegions = (
				en,
				Base,
			);
			mainGroup = 5DA27DB72009274100909C42;
			productRefGroup = 5DA27DC12009274100909C42 /* Products */;
			projectDirPath = "";
			projectReferences = (
				{
					ProductGroup = 5DFAED79200A5C83000BC7CF /* Products */;
					ProjectRef = 5DFAED78200A5C83000BC7CF /* Alamofire.xcodeproj */;
				},
				{
					ProductGroup = 5D74D5D02069447500E90A59 /* Products */;
					ProjectRef = 5D74D5CF2069447500E90A59 /* HotKey.xcodeproj */;
				},
				{
					ProductGroup = 5D00A4CC20613DD100B77B0A /* Products */;
					ProjectRef = 5D00A4CB20613DD100B77B0A /* RNCryptor.xcodeproj */;
				},
				{
					ProductGroup = 5DFAED3C200A2FD6000BC7CF /* Products */;
					ProjectRef = 5DFAED3B200A2FD6000BC7CF /* SwiftyJSON.xcodeproj */;
				},
			);
			projectRoot = "";
			targets = (
				5DA27DBF2009274100909C42 /* Macister */,
				5DA27DD12009274100909C42 /* MacisterTests */,
				5DA27DDC2009274100909C42 /* MacisterUITests */,
			);
		};
/* End PBXProject section */

/* Begin PBXReferenceProxy section */
		5D00A4D420613DD200B77B0A /* RNCryptor.framework */ = {
			isa = PBXReferenceProxy;
			fileType = wrapper.framework;
			path = RNCryptor.framework;
			remoteRef = 5D00A4D320613DD200B77B0A /* PBXContainerItemProxy */;
			sourceTree = BUILT_PRODUCTS_DIR;
		};
		5D00A4D620613DD200B77B0A /* RNCryptorTests.xctest */ = {
			isa = PBXReferenceProxy;
			fileType = wrapper.cfbundle;
			path = RNCryptorTests.xctest;
			remoteRef = 5D00A4D520613DD200B77B0A /* PBXContainerItemProxy */;
			sourceTree = BUILT_PRODUCTS_DIR;
		};
		5D00A4D820613DD200B77B0A /* RNCryptor.framework */ = {
			isa = PBXReferenceProxy;
			fileType = wrapper.framework;
			path = RNCryptor.framework;
			remoteRef = 5D00A4D720613DD200B77B0A /* PBXContainerItemProxy */;
			sourceTree = BUILT_PRODUCTS_DIR;
		};
		5D00A4DA20613DD200B77B0A /* RNCryptor-OSXTests.xctest */ = {
			isa = PBXReferenceProxy;
			fileType = wrapper.cfbundle;
			path = "RNCryptor-OSXTests.xctest";
			remoteRef = 5D00A4D920613DD200B77B0A /* PBXContainerItemProxy */;
			sourceTree = BUILT_PRODUCTS_DIR;
		};
		5D00A4DC20613DD200B77B0A /* RNCryptorPerfTests.xctest */ = {
			isa = PBXReferenceProxy;
			fileType = wrapper.cfbundle;
			path = RNCryptorPerfTests.xctest;
			remoteRef = 5D00A4DB20613DD200B77B0A /* PBXContainerItemProxy */;
			sourceTree = BUILT_PRODUCTS_DIR;
		};
		5D74D5D62069447600E90A59 /* HotKey.framework */ = {
			isa = PBXReferenceProxy;
			fileType = wrapper.framework;
			path = HotKey.framework;
			remoteRef = 5D74D5D52069447600E90A59 /* PBXContainerItemProxy */;
			sourceTree = BUILT_PRODUCTS_DIR;
		};
		5D74D5D82069447600E90A59 /* HotKeyTests.xctest */ = {
			isa = PBXReferenceProxy;
			fileType = wrapper.cfbundle;
			path = HotKeyTests.xctest;
			remoteRef = 5D74D5D72069447600E90A59 /* PBXContainerItemProxy */;
			sourceTree = BUILT_PRODUCTS_DIR;
		};
		5D74D5DA2069447600E90A59 /* Example.app */ = {
			isa = PBXReferenceProxy;
			fileType = wrapper.application;
			path = Example.app;
			remoteRef = 5D74D5D92069447600E90A59 /* PBXContainerItemProxy */;
			sourceTree = BUILT_PRODUCTS_DIR;
		};
		5DFAED47200A2FD6000BC7CF /* SwiftyJSON.framework */ = {
			isa = PBXReferenceProxy;
			fileType = wrapper.framework;
			path = SwiftyJSON.framework;
			remoteRef = 5DFAED46200A2FD6000BC7CF /* PBXContainerItemProxy */;
			sourceTree = BUILT_PRODUCTS_DIR;
		};
		5DFAED49200A2FD6000BC7CF /* SwiftyJSON iOS Tests.xctest */ = {
			isa = PBXReferenceProxy;
			fileType = wrapper.cfbundle;
			path = "SwiftyJSON iOS Tests.xctest";
			remoteRef = 5DFAED48200A2FD6000BC7CF /* PBXContainerItemProxy */;
			sourceTree = BUILT_PRODUCTS_DIR;
		};
		5DFAED4B200A2FD6000BC7CF /* SwiftyJSON.framework */ = {
			isa = PBXReferenceProxy;
			fileType = wrapper.framework;
			path = SwiftyJSON.framework;
			remoteRef = 5DFAED4A200A2FD6000BC7CF /* PBXContainerItemProxy */;
			sourceTree = BUILT_PRODUCTS_DIR;
		};
		5DFAED4D200A2FD6000BC7CF /* SwiftyJSON macOS Tests.xctest */ = {
			isa = PBXReferenceProxy;
			fileType = wrapper.cfbundle;
			path = "SwiftyJSON macOS Tests.xctest";
			remoteRef = 5DFAED4C200A2FD6000BC7CF /* PBXContainerItemProxy */;
			sourceTree = BUILT_PRODUCTS_DIR;
		};
		5DFAED4F200A2FD6000BC7CF /* SwiftyJSON.framework */ = {
			isa = PBXReferenceProxy;
			fileType = wrapper.framework;
			path = SwiftyJSON.framework;
			remoteRef = 5DFAED4E200A2FD6000BC7CF /* PBXContainerItemProxy */;
			sourceTree = BUILT_PRODUCTS_DIR;
		};
		5DFAED51200A2FD6000BC7CF /* SwiftyJSON.framework */ = {
			isa = PBXReferenceProxy;
			fileType = wrapper.framework;
			path = SwiftyJSON.framework;
			remoteRef = 5DFAED50200A2FD6000BC7CF /* PBXContainerItemProxy */;
			sourceTree = BUILT_PRODUCTS_DIR;
		};
		5DFAED53200A2FD6000BC7CF /* SwiftyJSON tvOS Tests.xctest */ = {
			isa = PBXReferenceProxy;
			fileType = wrapper.cfbundle;
			path = "SwiftyJSON tvOS Tests.xctest";
			remoteRef = 5DFAED52200A2FD6000BC7CF /* PBXContainerItemProxy */;
			sourceTree = BUILT_PRODUCTS_DIR;
		};
		5DFAED84200A5C84000BC7CF /* Alamofire.framework */ = {
			isa = PBXReferenceProxy;
			fileType = wrapper.framework;
			path = Alamofire.framework;
			remoteRef = 5DFAED83200A5C84000BC7CF /* PBXContainerItemProxy */;
			sourceTree = BUILT_PRODUCTS_DIR;
		};
		5DFAED86200A5C84000BC7CF /* Alamofire iOS Tests.xctest */ = {
			isa = PBXReferenceProxy;
			fileType = wrapper.cfbundle;
			path = "Alamofire iOS Tests.xctest";
			remoteRef = 5DFAED85200A5C84000BC7CF /* PBXContainerItemProxy */;
			sourceTree = BUILT_PRODUCTS_DIR;
		};
		5DFAED88200A5C84000BC7CF /* Alamofire.framework */ = {
			isa = PBXReferenceProxy;
			fileType = wrapper.framework;
			path = Alamofire.framework;
			remoteRef = 5DFAED87200A5C84000BC7CF /* PBXContainerItemProxy */;
			sourceTree = BUILT_PRODUCTS_DIR;
		};
		5DFAED8A200A5C84000BC7CF /* Alamofire macOS Tests.xctest */ = {
			isa = PBXReferenceProxy;
			fileType = wrapper.cfbundle;
			path = "Alamofire macOS Tests.xctest";
			remoteRef = 5DFAED89200A5C84000BC7CF /* PBXContainerItemProxy */;
			sourceTree = BUILT_PRODUCTS_DIR;
		};
		5DFAED8C200A5C84000BC7CF /* Alamofire.framework */ = {
			isa = PBXReferenceProxy;
			fileType = wrapper.framework;
			path = Alamofire.framework;
			remoteRef = 5DFAED8B200A5C84000BC7CF /* PBXContainerItemProxy */;
			sourceTree = BUILT_PRODUCTS_DIR;
		};
		5DFAED8E200A5C84000BC7CF /* Alamofire tvOS Tests.xctest */ = {
			isa = PBXReferenceProxy;
			fileType = wrapper.cfbundle;
			path = "Alamofire tvOS Tests.xctest";
			remoteRef = 5DFAED8D200A5C84000BC7CF /* PBXContainerItemProxy */;
			sourceTree = BUILT_PRODUCTS_DIR;
		};
		5DFAED90200A5C84000BC7CF /* Alamofire.framework */ = {
			isa = PBXReferenceProxy;
			fileType = wrapper.framework;
			path = Alamofire.framework;
			remoteRef = 5DFAED8F200A5C84000BC7CF /* PBXContainerItemProxy */;
			sourceTree = BUILT_PRODUCTS_DIR;
		};
/* End PBXReferenceProxy section */

/* Begin PBXResourcesBuildPhase section */
		5DA27DBE2009274100909C42 /* Resources */ = {
			isa = PBXResourcesBuildPhase;
			buildActionMask = 2147483647;
			files = (
				5DA27DC82009274100909C42 /* Assets.xcassets in Resources */,
				5DA27DCB2009274100909C42 /* Macister.storyboard in Resources */,
				5DA53B8E20100223001DD8F2 /* LessonElement.xib in Resources */,
				5D505275202107B800DE3F8F /* Fonts in Resources */,
				5D68E5F820232C0B0065F4C4 /* CUComboBox.xib in Resources */,
				5D14C90A20614B61003E14D0 /* MailElement.xib in Resources */,
				5D7908ED202840240006C7AC /* GradeElement.xib in Resources */,
				5D9281AA2021C86E00FA3902 /* CUTextField.xib in Resources */,
			);
			runOnlyForDeploymentPostprocessing = 0;
		};
		5DA27DD02009274100909C42 /* Resources */ = {
			isa = PBXResourcesBuildPhase;
			buildActionMask = 2147483647;
			files = (
			);
			runOnlyForDeploymentPostprocessing = 0;
		};
		5DA27DDB2009274100909C42 /* Resources */ = {
			isa = PBXResourcesBuildPhase;
			buildActionMask = 2147483647;
			files = (
			);
			runOnlyForDeploymentPostprocessing = 0;
		};
/* End PBXResourcesBuildPhase section */

/* Begin PBXSourcesBuildPhase section */
		5DA27DBC2009274100909C42 /* Sources */ = {
			isa = PBXSourcesBuildPhase;
			buildActionMask = 2147483647;
			files = (
				5D016652200FA4FE00C0E1D9 /* MainUrl.swift in Sources */,
				5DF747102019EEAC007E6650 /* LessonType.swift in Sources */,
				5D7908FD202840330006C7AC /* GradeElement.swift in Sources */,
				5DF7470B2019EE2B007E6650 /* ClassRoom.swift in Sources */,
				5D7E3C3E201F86BC00CB8721 /* LessonStatusType.swift in Sources */,
				5D9AD88D2028958B0020E15A /* JsonUtil.swift in Sources */,
				5D26213C20095256006BE4DA /* LoginViewController.swift in Sources */,
				5D8CB19E200D17C70073613D /* Person.swift in Sources */,
				5DF746F72019EDCF007E6650 /* Subject.swift in Sources */,
				5D041B05200E2D0E00FFBF6A /* Group.swift in Sources */,
				5DF8601B2068DB6400969596 /* ColorPalette.swift in Sources */,
				5D118545200E08F4003EE455 /* Study.swift in Sources */,
				5DF747092019EDF2007E6650 /* Teacher.swift in Sources */,
				5D50DA78202B2653005A8765 /* Message.swift in Sources */,
				5DA11AB1200D55D6001785F2 /* FileUtil.swift in Sources */,
				5DAB9013200CB62E00705B36 /* HttpUtil.swift in Sources */,
				5DAEC60E201F123100AB7B13 /* GradePeriod.swift in Sources */,
				5D041B07200E549D00FFBF6A /* Studies.swift in Sources */,
				5D3F833920623C820018DE32 /* MailHandler.swift in Sources */,
				5D50DA7C202B402C005A8765 /* MessageType.swift in Sources */,
				5DE97BBF20286BA700A57475 /* GradeHandler.swift in Sources */,
				5D26213A20095243006BE4DA /* FindSchoolViewController.swift in Sources */,
				5D14C91E20614F8E003E14D0 /* MailElement.swift in Sources */,
				5DFAED5C200A4792000BC7CF /* MainViewController.swift in Sources */,
				5DAEC620201F152C00AB7B13 /* GradeColomn.swift in Sources */,
				5DFAED5E200A48B0000BC7CF /* Magister.swift in Sources */,
				5D5460A9200DE9FD002C0D74 /* CalendarViewController.swift in Sources */,
				5DAEC622201F16DE00AB7B13 /* RowType.swift in Sources */,
				5D041AF3200E2CF800FFBF6A /* StudyInfo.swift in Sources */,
				5D546096200DE8D4002C0D74 /* TodayViewController.swift in Sources */,
				C6393FF7200FA6F900DD9F78 /* Grades.swift in Sources */,
				5D016666200FB55000C0E1D9 /* StudyUrl.swift in Sources */,
				5D68E60820232DDA0065F4C4 /* CUComboBox.swift in Sources */,
				5D50DA7A202B3BE0005A8765 /* MessageStatusType.swift in Sources */,
				5DFAED5A200A4298000BC7CF /* School.swift in Sources */,
				5D041B09200E5EDD00FFBF6A /* DateUtil.swift in Sources */,
				5DAEC627201F293200AB7B13 /* LessonHandler.swift in Sources */,
				5DA53B9020100266001DD8F2 /* LessonElement.swift in Sources */,
				5DF747152019F34B007E6650 /* InfoType.swift in Sources */,
				5D50DA80202B4168005A8765 /* ContactType.swift in Sources */,
				5DEE3BE720613368007E40E4 /* AssetHandler.swift in Sources */,
				5D50DA7E202B40D2005A8765 /* Contact.swift in Sources */,
				5D6F520620161535004C63BA /* Lesson.swift in Sources */,
				5DA27DC42009274100909C42 /* AppDelegate.swift in Sources */,
				5DF54A43200BC89900278DAB /* EventMonitor.swift in Sources */,
				325100FB473A1DEA4561BBF9 /* SchoolUrl.swift in Sources */,
				3251078DA73A7CF619E01E78 /* PersonUrl.swift in Sources */,
				5D00A4BC20613D6400B77B0A /* EncryptionUtil.swift in Sources */,
				32510C10B8247A10427147B0 /* StudentUrl.swift in Sources */,
				5DEE3BF820613491007E40E4 /* Asset.swift in Sources */,
				32510A01928C9210EDCFA599 /* AccountUrl.swift in Sources */,
				5DF747132019F2EE007E6650 /* DisplayType.swift in Sources */,
				5D9281BA2021D68D00FA3902 /* CUTextField.swift in Sources */,
				32510D4EDC1DDDB9EF7E56D0 /* Account.swift in Sources */,
				325101D92B7C90E2B4886C95 /* Grade.swift in Sources */,
			);
			runOnlyForDeploymentPostprocessing = 0;
		};
		5DA27DCE2009274100909C42 /* Sources */ = {
			isa = PBXSourcesBuildPhase;
			buildActionMask = 2147483647;
			files = (
				5DA27DD72009274100909C42 /* MacisterTests.swift in Sources */,
			);
			runOnlyForDeploymentPostprocessing = 0;
		};
		5DA27DD92009274100909C42 /* Sources */ = {
			isa = PBXSourcesBuildPhase;
			buildActionMask = 2147483647;
			files = (
				5DA27DE22009274100909C42 /* MacisterUITests.swift in Sources */,
			);
			runOnlyForDeploymentPostprocessing = 0;
		};
/* End PBXSourcesBuildPhase section */

/* Begin PBXTargetDependency section */
		5D00A4E220613EBD00B77B0A /* PBXTargetDependency */ = {
			isa = PBXTargetDependency;
			name = "RNCryptor-OSX";
			targetProxy = 5D00A4E120613EBD00B77B0A /* PBXContainerItemProxy */;
		};
		5D74D5DE2069448C00E90A59 /* PBXTargetDependency */ = {
			isa = PBXTargetDependency;
			name = HotKey;
			targetProxy = 5D74D5DD2069448C00E90A59 /* PBXContainerItemProxy */;
		};
		5DA27DD42009274100909C42 /* PBXTargetDependency */ = {
			isa = PBXTargetDependency;
			target = 5DA27DBF2009274100909C42 /* Macister */;
			targetProxy = 5DA27DD32009274100909C42 /* PBXContainerItemProxy */;
		};
		5DA27DDF2009274100909C42 /* PBXTargetDependency */ = {
			isa = PBXTargetDependency;
			target = 5DA27DBF2009274100909C42 /* Macister */;
			targetProxy = 5DA27DDE2009274100909C42 /* PBXContainerItemProxy */;
		};
		5DE430692020C9420071C7A6 /* PBXTargetDependency */ = {
			isa = PBXTargetDependency;
			name = "Alamofire macOS";
			targetProxy = 5DE430682020C9420071C7A6 /* PBXContainerItemProxy */;
		};
		5DE430752020C9490071C7A6 /* PBXTargetDependency */ = {
			isa = PBXTargetDependency;
			name = "SwiftyJSON macOS";
			targetProxy = 5DE430742020C9490071C7A6 /* PBXContainerItemProxy */;
		};
/* End PBXTargetDependency section */

/* Begin PBXVariantGroup section */
		5DA27DC92009274100909C42 /* Macister.storyboard */ = {
			isa = PBXVariantGroup;
			children = (
				5DA27DCA2009274100909C42 /* Base */,
			);
			name = Macister.storyboard;
			sourceTree = "<group>";
		};
/* End PBXVariantGroup section */

/* Begin XCBuildConfiguration section */
		5DA27DE42009274100909C42 /* Debug */ = {
			isa = XCBuildConfiguration;
			buildSettings = {
				ALWAYS_SEARCH_USER_PATHS = NO;
				CLANG_ANALYZER_NONNULL = YES;
				CLANG_ANALYZER_NUMBER_OBJECT_CONVERSION = YES_AGGRESSIVE;
				CLANG_CXX_LANGUAGE_STANDARD = "gnu++14";
				CLANG_CXX_LIBRARY = "libc++";
				CLANG_ENABLE_MODULES = YES;
				CLANG_ENABLE_OBJC_ARC = YES;
				CLANG_WARN_BLOCK_CAPTURE_AUTORELEASING = YES;
				CLANG_WARN_BOOL_CONVERSION = YES;
				CLANG_WARN_COMMA = YES;
				CLANG_WARN_CONSTANT_CONVERSION = YES;
				CLANG_WARN_DIRECT_OBJC_ISA_USAGE = YES_ERROR;
				CLANG_WARN_DOCUMENTATION_COMMENTS = YES;
				CLANG_WARN_EMPTY_BODY = YES;
				CLANG_WARN_ENUM_CONVERSION = YES;
				CLANG_WARN_INFINITE_RECURSION = YES;
				CLANG_WARN_INT_CONVERSION = YES;
				CLANG_WARN_NON_LITERAL_NULL_CONVERSION = YES;
				CLANG_WARN_OBJC_LITERAL_CONVERSION = YES;
				CLANG_WARN_OBJC_ROOT_CLASS = YES_ERROR;
				CLANG_WARN_RANGE_LOOP_ANALYSIS = YES;
				CLANG_WARN_STRICT_PROTOTYPES = YES;
				CLANG_WARN_SUSPICIOUS_MOVE = YES;
				CLANG_WARN_UNGUARDED_AVAILABILITY = YES_AGGRESSIVE;
				CLANG_WARN_UNREACHABLE_CODE = YES;
				CLANG_WARN__DUPLICATE_METHOD_MATCH = YES;
				CODE_SIGN_IDENTITY = "-";
				COPY_PHASE_STRIP = NO;
				DEBUG_INFORMATION_FORMAT = dwarf;
				ENABLE_STRICT_OBJC_MSGSEND = YES;
				ENABLE_TESTABILITY = YES;
				GCC_C_LANGUAGE_STANDARD = gnu11;
				GCC_DYNAMIC_NO_PIC = NO;
				GCC_NO_COMMON_BLOCKS = YES;
				GCC_OPTIMIZATION_LEVEL = 0;
				GCC_PREPROCESSOR_DEFINITIONS = (
					"DEBUG=1",
					"$(inherited)",
				);
				GCC_WARN_64_TO_32_BIT_CONVERSION = YES;
				GCC_WARN_ABOUT_RETURN_TYPE = YES_ERROR;
				GCC_WARN_UNDECLARED_SELECTOR = YES;
				GCC_WARN_UNINITIALIZED_AUTOS = YES_AGGRESSIVE;
				GCC_WARN_UNUSED_FUNCTION = YES;
				GCC_WARN_UNUSED_VARIABLE = YES;
				MACOSX_DEPLOYMENT_TARGET = 10.12;
				MTL_ENABLE_DEBUG_INFO = YES;
				ONLY_ACTIVE_ARCH = YES;
				SDKROOT = macosx;
				SWIFT_ACTIVE_COMPILATION_CONDITIONS = DEBUG;
				SWIFT_OPTIMIZATION_LEVEL = "-Onone";
				SWIFT_SWIFT3_OBJC_INFERENCE = Default;
			};
			name = Debug;
		};
		5DA27DE52009274100909C42 /* Release */ = {
			isa = XCBuildConfiguration;
			buildSettings = {
				ALWAYS_SEARCH_USER_PATHS = NO;
				CLANG_ANALYZER_NONNULL = YES;
				CLANG_ANALYZER_NUMBER_OBJECT_CONVERSION = YES_AGGRESSIVE;
				CLANG_CXX_LANGUAGE_STANDARD = "gnu++14";
				CLANG_CXX_LIBRARY = "libc++";
				CLANG_ENABLE_MODULES = YES;
				CLANG_ENABLE_OBJC_ARC = YES;
				CLANG_WARN_BLOCK_CAPTURE_AUTORELEASING = YES;
				CLANG_WARN_BOOL_CONVERSION = YES;
				CLANG_WARN_COMMA = YES;
				CLANG_WARN_CONSTANT_CONVERSION = YES;
				CLANG_WARN_DIRECT_OBJC_ISA_USAGE = YES_ERROR;
				CLANG_WARN_DOCUMENTATION_COMMENTS = YES;
				CLANG_WARN_EMPTY_BODY = YES;
				CLANG_WARN_ENUM_CONVERSION = YES;
				CLANG_WARN_INFINITE_RECURSION = YES;
				CLANG_WARN_INT_CONVERSION = YES;
				CLANG_WARN_NON_LITERAL_NULL_CONVERSION = YES;
				CLANG_WARN_OBJC_LITERAL_CONVERSION = YES;
				CLANG_WARN_OBJC_ROOT_CLASS = YES_ERROR;
				CLANG_WARN_RANGE_LOOP_ANALYSIS = YES;
				CLANG_WARN_STRICT_PROTOTYPES = YES;
				CLANG_WARN_SUSPICIOUS_MOVE = YES;
				CLANG_WARN_UNGUARDED_AVAILABILITY = YES_AGGRESSIVE;
				CLANG_WARN_UNREACHABLE_CODE = YES;
				CLANG_WARN__DUPLICATE_METHOD_MATCH = YES;
				CODE_SIGN_IDENTITY = "-";
				COPY_PHASE_STRIP = NO;
				DEBUG_INFORMATION_FORMAT = "dwarf-with-dsym";
				ENABLE_NS_ASSERTIONS = NO;
				ENABLE_STRICT_OBJC_MSGSEND = YES;
				GCC_C_LANGUAGE_STANDARD = gnu11;
				GCC_NO_COMMON_BLOCKS = YES;
				GCC_WARN_64_TO_32_BIT_CONVERSION = YES;
				GCC_WARN_ABOUT_RETURN_TYPE = YES_ERROR;
				GCC_WARN_UNDECLARED_SELECTOR = YES;
				GCC_WARN_UNINITIALIZED_AUTOS = YES_AGGRESSIVE;
				GCC_WARN_UNUSED_FUNCTION = YES;
				GCC_WARN_UNUSED_VARIABLE = YES;
				MACOSX_DEPLOYMENT_TARGET = 10.12;
				MTL_ENABLE_DEBUG_INFO = NO;
				SDKROOT = macosx;
				SWIFT_OPTIMIZATION_LEVEL = "-Owholemodule";
				SWIFT_SWIFT3_OBJC_INFERENCE = Default;
			};
			name = Release;
		};
		5DA27DE72009274100909C42 /* Debug */ = {
			isa = XCBuildConfiguration;
			buildSettings = {
				ALWAYS_EMBED_SWIFT_STANDARD_LIBRARIES = YES;
				ASSETCATALOG_COMPILER_APPICON_NAME = AppIcon;
				CLANG_USE_OPTIMIZATION_PROFILE = YES;
				CODE_SIGN_IDENTITY = "";
				CODE_SIGN_STYLE = Automatic;
				COMBINE_HIDPI_IMAGES = YES;
				DEVELOPMENT_TEAM = "";
				INFOPLIST_FILE = Macister/Info.plist;
				LD_RUNPATH_SEARCH_PATHS = "$(inherited) @executable_path/../Frameworks";
				PRODUCT_BUNDLE_IDENTIFIER = nl.underkoen.Macister;
				PRODUCT_NAME = "$(TARGET_NAME)";
				PROVISIONING_PROFILE_SPECIFIER = "";
				SWIFT_VERSION = 4.0;
			};
			name = Debug;
		};
		5DA27DE82009274100909C42 /* Release */ = {
			isa = XCBuildConfiguration;
			buildSettings = {
				ALWAYS_EMBED_SWIFT_STANDARD_LIBRARIES = YES;
				ASSETCATALOG_COMPILER_APPICON_NAME = AppIcon;
				CLANG_USE_OPTIMIZATION_PROFILE = YES;
				CODE_SIGN_IDENTITY = "";
				CODE_SIGN_STYLE = Automatic;
				COMBINE_HIDPI_IMAGES = YES;
				DEVELOPMENT_TEAM = "";
				INFOPLIST_FILE = Macister/Info.plist;
				LD_RUNPATH_SEARCH_PATHS = "$(inherited) @executable_path/../Frameworks";
				PRODUCT_BUNDLE_IDENTIFIER = nl.underkoen.Macister;
				PRODUCT_NAME = "$(TARGET_NAME)";
				PROVISIONING_PROFILE_SPECIFIER = "";
				SWIFT_VERSION = 4.0;
			};
			name = Release;
		};
		5DA27DEA2009274100909C42 /* Debug */ = {
			isa = XCBuildConfiguration;
			buildSettings = {
				ALWAYS_EMBED_SWIFT_STANDARD_LIBRARIES = YES;
				BUNDLE_LOADER = "$(TEST_HOST)";
				CODE_SIGN_STYLE = Automatic;
				COMBINE_HIDPI_IMAGES = YES;
				INFOPLIST_FILE = MacisterTests/Info.plist;
				LD_RUNPATH_SEARCH_PATHS = "$(inherited) @executable_path/../Frameworks @loader_path/../Frameworks";
				PRODUCT_BUNDLE_IDENTIFIER = nl.underkoen.MacisterTests;
				PRODUCT_NAME = "$(TARGET_NAME)";
				SWIFT_VERSION = 4.0;
				TEST_HOST = "$(BUILT_PRODUCTS_DIR)/Macister.app/Contents/MacOS/Macister";
			};
			name = Debug;
		};
		5DA27DEB2009274100909C42 /* Release */ = {
			isa = XCBuildConfiguration;
			buildSettings = {
				ALWAYS_EMBED_SWIFT_STANDARD_LIBRARIES = YES;
				BUNDLE_LOADER = "$(TEST_HOST)";
				CODE_SIGN_STYLE = Automatic;
				COMBINE_HIDPI_IMAGES = YES;
				INFOPLIST_FILE = MacisterTests/Info.plist;
				LD_RUNPATH_SEARCH_PATHS = "$(inherited) @executable_path/../Frameworks @loader_path/../Frameworks";
				PRODUCT_BUNDLE_IDENTIFIER = nl.underkoen.MacisterTests;
				PRODUCT_NAME = "$(TARGET_NAME)";
				SWIFT_VERSION = 4.0;
				TEST_HOST = "$(BUILT_PRODUCTS_DIR)/Macister.app/Contents/MacOS/Macister";
			};
			name = Release;
		};
		5DA27DED2009274100909C42 /* Debug */ = {
			isa = XCBuildConfiguration;
			buildSettings = {
				ALWAYS_EMBED_SWIFT_STANDARD_LIBRARIES = YES;
				CODE_SIGN_STYLE = Automatic;
				COMBINE_HIDPI_IMAGES = YES;
				INFOPLIST_FILE = MacisterUITests/Info.plist;
				LD_RUNPATH_SEARCH_PATHS = "$(inherited) @executable_path/../Frameworks @loader_path/../Frameworks";
				PRODUCT_BUNDLE_IDENTIFIER = nl.underkoen.MacisterUITests;
				PRODUCT_NAME = "$(TARGET_NAME)";
				SWIFT_VERSION = 4.0;
				TEST_TARGET_NAME = Macister;
			};
			name = Debug;
		};
		5DA27DEE2009274100909C42 /* Release */ = {
			isa = XCBuildConfiguration;
			buildSettings = {
				ALWAYS_EMBED_SWIFT_STANDARD_LIBRARIES = YES;
				CODE_SIGN_STYLE = Automatic;
				COMBINE_HIDPI_IMAGES = YES;
				INFOPLIST_FILE = MacisterUITests/Info.plist;
				LD_RUNPATH_SEARCH_PATHS = "$(inherited) @executable_path/../Frameworks @loader_path/../Frameworks";
				PRODUCT_BUNDLE_IDENTIFIER = nl.underkoen.MacisterUITests;
				PRODUCT_NAME = "$(TARGET_NAME)";
				SWIFT_VERSION = 4.0;
				TEST_TARGET_NAME = Macister;
			};
			name = Release;
		};
/* End XCBuildConfiguration section */

/* Begin XCConfigurationList section */
		5DA27DBB2009274100909C42 /* Build configuration list for PBXProject "Macister" */ = {
			isa = XCConfigurationList;
			buildConfigurations = (
				5DA27DE42009274100909C42 /* Debug */,
				5DA27DE52009274100909C42 /* Release */,
			);
			defaultConfigurationIsVisible = 0;
			defaultConfigurationName = Release;
		};
		5DA27DE62009274100909C42 /* Build configuration list for PBXNativeTarget "Macister" */ = {
			isa = XCConfigurationList;
			buildConfigurations = (
				5DA27DE72009274100909C42 /* Debug */,
				5DA27DE82009274100909C42 /* Release */,
			);
			defaultConfigurationIsVisible = 0;
			defaultConfigurationName = Release;
		};
		5DA27DE92009274100909C42 /* Build configuration list for PBXNativeTarget "MacisterTests" */ = {
			isa = XCConfigurationList;
			buildConfigurations = (
				5DA27DEA2009274100909C42 /* Debug */,
				5DA27DEB2009274100909C42 /* Release */,
			);
			defaultConfigurationIsVisible = 0;
			defaultConfigurationName = Release;
		};
		5DA27DEC2009274100909C42 /* Build configuration list for PBXNativeTarget "MacisterUITests" */ = {
			isa = XCConfigurationList;
			buildConfigurations = (
				5DA27DED2009274100909C42 /* Debug */,
				5DA27DEE2009274100909C42 /* Release */,
			);
			defaultConfigurationIsVisible = 0;
			defaultConfigurationName = Release;
		};
/* End XCConfigurationList section */
	};
	rootObject = 5DA27DB82009274100909C42 /* Project object */;
}
