// !$*UTF8*$!
{
	archiveVersion = 1;
	classes = {
	};
	objectVersion = 48;
	objects = {

/* Begin PBXBuildFile section */
		5D26213A20095243006BE4DA /* FindSchoolViewController.swift in Sources */ = {isa = PBXBuildFile; fileRef = 5D26213920095243006BE4DA /* FindSchoolViewController.swift */; };
		5D26213C20095256006BE4DA /* LoginViewController.swift in Sources */ = {isa = PBXBuildFile; fileRef = 5D26213B20095256006BE4DA /* LoginViewController.swift */; };
		5DA27DC42009274100909C42 /* AppDelegate.swift in Sources */ = {isa = PBXBuildFile; fileRef = 5DA27DC32009274100909C42 /* AppDelegate.swift */; };
		5DA27DC82009274100909C42 /* Assets.xcassets in Resources */ = {isa = PBXBuildFile; fileRef = 5DA27DC72009274100909C42 /* Assets.xcassets */; };
		5DA27DCB2009274100909C42 /* Magister.storyboard in Resources */ = {isa = PBXBuildFile; fileRef = 5DA27DC92009274100909C42 /* Magister.storyboard */; };
		5DA27DD72009274100909C42 /* AtcMagisterTests.swift in Sources */ = {isa = PBXBuildFile; fileRef = 5DA27DD62009274100909C42 /* AtcMagisterTests.swift */; };
		5DA27DE22009274100909C42 /* AtcMagisterUITests.swift in Sources */ = {isa = PBXBuildFile; fileRef = 5DA27DE12009274100909C42 /* AtcMagisterUITests.swift */; };
		5DAB9013200CB62E00705B36 /* HttpUtil.swift in Sources */ = {isa = PBXBuildFile; fileRef = 5DAB9012200CB62E00705B36 /* HttpUtil.swift */; };
		5DF54A43200BC89900278DAB /* EventMonitor.swift in Sources */ = {isa = PBXBuildFile; fileRef = 5DF54A42200BC89900278DAB /* EventMonitor.swift */; };
		5DFAED55200A2FED000BC7CF /* SwiftyJSON.framework in Frameworks */ = {isa = PBXBuildFile; fileRef = 5DFAED4B200A2FD6000BC7CF /* SwiftyJSON.framework */; };
		5DFAED58200A422E000BC7CF /* SchoolUrl.swift in Sources */ = {isa = PBXBuildFile; fileRef = 5DFAED57200A422E000BC7CF /* SchoolUrl.swift */; };
		5DFAED5A200A4298000BC7CF /* School.swift in Sources */ = {isa = PBXBuildFile; fileRef = 5DFAED59200A4298000BC7CF /* School.swift */; };
		5DFAED5C200A4792000BC7CF /* MainViewController.swift in Sources */ = {isa = PBXBuildFile; fileRef = 5DFAED5B200A4792000BC7CF /* MainViewController.swift */; };
		5DFAED5E200A48B0000BC7CF /* Magister.swift in Sources */ = {isa = PBXBuildFile; fileRef = 5DFAED5D200A48B0000BC7CF /* Magister.swift */; };
		5DFAED91200A5C9E000BC7CF /* Alamofire.framework in Frameworks */ = {isa = PBXBuildFile; fileRef = 5DFAED88200A5C84000BC7CF /* Alamofire.framework */; };
/* End PBXBuildFile section */

/* Begin PBXContainerItemProxy section */
		5DA27DD32009274100909C42 /* PBXContainerItemProxy */ = {
			isa = PBXContainerItemProxy;
			containerPortal = 5DA27DB82009274100909C42 /* Project object */;
			proxyType = 1;
			remoteGlobalIDString = 5DA27DBF2009274100909C42;
			remoteInfo = AtcMagister;
		};
		5DA27DDE2009274100909C42 /* PBXContainerItemProxy */ = {
			isa = PBXContainerItemProxy;
			containerPortal = 5DA27DB82009274100909C42 /* Project object */;
			proxyType = 1;
			remoteGlobalIDString = 5DA27DBF2009274100909C42;
			remoteInfo = AtcMagister;
		};
		5DFAED46200A2FD6000BC7CF /* PBXContainerItemProxy */ = {
			isa = PBXContainerItemProxy;
			containerPortal = 5DFAED3B200A2FD6000BC7CF /* SwiftyJSON.xcodeproj */;
			proxyType = 2;
			remoteGlobalIDString = 2E4FEFDB19575BE100351305;
			remoteInfo = "SwiftyJSON iOS";
		};
		5DFAED48200A2FD6000BC7CF /* PBXContainerItemProxy */ = {
			isa = PBXContainerItemProxy;
			containerPortal = 5DFAED3B200A2FD6000BC7CF /* SwiftyJSON.xcodeproj */;
			proxyType = 2;
			remoteGlobalIDString = 2E4FEFE619575BE100351305;
			remoteInfo = "SwiftyJSON iOS Tests";
		};
		5DFAED4A200A2FD6000BC7CF /* PBXContainerItemProxy */ = {
			isa = PBXContainerItemProxy;
			containerPortal = 5DFAED3B200A2FD6000BC7CF /* SwiftyJSON.xcodeproj */;
			proxyType = 2;
			remoteGlobalIDString = 9C7DFC5B1A9102BD005AA3F7;
			remoteInfo = "SwiftyJSON macOS";
		};
		5DFAED4C200A2FD6000BC7CF /* PBXContainerItemProxy */ = {
			isa = PBXContainerItemProxy;
			containerPortal = 5DFAED3B200A2FD6000BC7CF /* SwiftyJSON.xcodeproj */;
			proxyType = 2;
			remoteGlobalIDString = 9C7DFC651A9102BD005AA3F7;
			remoteInfo = "SwiftyJSON macOS Tests";
		};
		5DFAED4E200A2FD6000BC7CF /* PBXContainerItemProxy */ = {
			isa = PBXContainerItemProxy;
			containerPortal = 5DFAED3B200A2FD6000BC7CF /* SwiftyJSON.xcodeproj */;
			proxyType = 2;
			remoteGlobalIDString = E4D7CCE81B9465A700EE7221;
			remoteInfo = "SwiftyJSON watchOS";
		};
		5DFAED50200A2FD6000BC7CF /* PBXContainerItemProxy */ = {
			isa = PBXContainerItemProxy;
			containerPortal = 5DFAED3B200A2FD6000BC7CF /* SwiftyJSON.xcodeproj */;
			proxyType = 2;
			remoteGlobalIDString = 7236B4F61BAC14150020529B;
			remoteInfo = "SwiftyJSON tvOS";
		};
		5DFAED52200A2FD6000BC7CF /* PBXContainerItemProxy */ = {
			isa = PBXContainerItemProxy;
			containerPortal = 5DFAED3B200A2FD6000BC7CF /* SwiftyJSON.xcodeproj */;
			proxyType = 2;
			remoteGlobalIDString = A8580F741BCF5C5B00DA927B;
			remoteInfo = "SwiftyJSON tvOS Tests";
		};
		5DFAED83200A5C84000BC7CF /* PBXContainerItemProxy */ = {
			isa = PBXContainerItemProxy;
			containerPortal = 5DFAED78200A5C83000BC7CF /* Alamofire.xcodeproj */;
			proxyType = 2;
			remoteGlobalIDString = F8111E3319A95C8B0040E7D1;
			remoteInfo = "Alamofire iOS";
		};
		5DFAED85200A5C84000BC7CF /* PBXContainerItemProxy */ = {
			isa = PBXContainerItemProxy;
			containerPortal = 5DFAED78200A5C83000BC7CF /* Alamofire.xcodeproj */;
			proxyType = 2;
			remoteGlobalIDString = F8111E3E19A95C8B0040E7D1;
			remoteInfo = "Alamofire iOS Tests";
		};
		5DFAED87200A5C84000BC7CF /* PBXContainerItemProxy */ = {
			isa = PBXContainerItemProxy;
			containerPortal = 5DFAED78200A5C83000BC7CF /* Alamofire.xcodeproj */;
			proxyType = 2;
			remoteGlobalIDString = 4DD67C0B1A5C55C900ED2280;
			remoteInfo = "Alamofire macOS";
		};
		5DFAED89200A5C84000BC7CF /* PBXContainerItemProxy */ = {
			isa = PBXContainerItemProxy;
			containerPortal = 5DFAED78200A5C83000BC7CF /* Alamofire.xcodeproj */;
			proxyType = 2;
			remoteGlobalIDString = F829C6B21A7A94F100A2CD59;
			remoteInfo = "Alamofire macOS Tests";
		};
		5DFAED8B200A5C84000BC7CF /* PBXContainerItemProxy */ = {
			isa = PBXContainerItemProxy;
			containerPortal = 5DFAED78200A5C83000BC7CF /* Alamofire.xcodeproj */;
			proxyType = 2;
			remoteGlobalIDString = 4CF626EF1BA7CB3E0011A099;
			remoteInfo = "Alamofire tvOS";
		};
		5DFAED8D200A5C84000BC7CF /* PBXContainerItemProxy */ = {
			isa = PBXContainerItemProxy;
			containerPortal = 5DFAED78200A5C83000BC7CF /* Alamofire.xcodeproj */;
			proxyType = 2;
			remoteGlobalIDString = 4CF626F81BA7CB3E0011A099;
			remoteInfo = "Alamofire tvOS Tests";
		};
		5DFAED8F200A5C84000BC7CF /* PBXContainerItemProxy */ = {
			isa = PBXContainerItemProxy;
			containerPortal = 5DFAED78200A5C83000BC7CF /* Alamofire.xcodeproj */;
			proxyType = 2;
			remoteGlobalIDString = E4202FE01B667AA100C997FB;
			remoteInfo = "Alamofire watchOS";
		};
/* End PBXContainerItemProxy section */

/* Begin PBXCopyFilesBuildPhase section */
		5D2621E72009664C006BE4DA /* Embed Frameworks */ = {
			isa = PBXCopyFilesBuildPhase;
			buildActionMask = 2147483647;
			dstPath = "";
			dstSubfolderSpec = 10;
			files = (
			);
			name = "Embed Frameworks";
			runOnlyForDeploymentPostprocessing = 0;
		};
/* End PBXCopyFilesBuildPhase section */

/* Begin PBXFileReference section */
		5D26213920095243006BE4DA /* FindSchoolViewController.swift */ = {isa = PBXFileReference; lastKnownFileType = sourcecode.swift; path = FindSchoolViewController.swift; sourceTree = "<group>"; };
		5D26213B20095256006BE4DA /* LoginViewController.swift */ = {isa = PBXFileReference; lastKnownFileType = sourcecode.swift; path = LoginViewController.swift; sourceTree = "<group>"; };
		5DA27DC02009274100909C42 /* AtcMagister.app */ = {isa = PBXFileReference; explicitFileType = wrapper.application; includeInIndex = 0; path = AtcMagister.app; sourceTree = BUILT_PRODUCTS_DIR; };
		5DA27DC32009274100909C42 /* AppDelegate.swift */ = {isa = PBXFileReference; lastKnownFileType = sourcecode.swift; path = AppDelegate.swift; sourceTree = "<group>"; };
		5DA27DC72009274100909C42 /* Assets.xcassets */ = {isa = PBXFileReference; lastKnownFileType = folder.assetcatalog; path = Assets.xcassets; sourceTree = "<group>"; };
		5DA27DCA2009274100909C42 /* Base */ = {isa = PBXFileReference; lastKnownFileType = file.storyboard; name = Base; path = Base.lproj/Magister.storyboard; sourceTree = "<group>"; };
		5DA27DCC2009274100909C42 /* Info.plist */ = {isa = PBXFileReference; lastKnownFileType = text.plist.xml; path = Info.plist; sourceTree = "<group>"; };
		5DA27DCD2009274100909C42 /* AtcMagister.entitlements */ = {isa = PBXFileReference; lastKnownFileType = text.plist.entitlements; path = AtcMagister.entitlements; sourceTree = "<group>"; };
		5DA27DD22009274100909C42 /* AtcMagisterTests.xctest */ = {isa = PBXFileReference; explicitFileType = wrapper.cfbundle; includeInIndex = 0; path = AtcMagisterTests.xctest; sourceTree = BUILT_PRODUCTS_DIR; };
		5DA27DD62009274100909C42 /* AtcMagisterTests.swift */ = {isa = PBXFileReference; lastKnownFileType = sourcecode.swift; path = AtcMagisterTests.swift; sourceTree = "<group>"; };
		5DA27DD82009274100909C42 /* Info.plist */ = {isa = PBXFileReference; lastKnownFileType = text.plist.xml; path = Info.plist; sourceTree = "<group>"; };
		5DA27DDD2009274100909C42 /* AtcMagisterUITests.xctest */ = {isa = PBXFileReference; explicitFileType = wrapper.cfbundle; includeInIndex = 0; path = AtcMagisterUITests.xctest; sourceTree = BUILT_PRODUCTS_DIR; };
		5DA27DE12009274100909C42 /* AtcMagisterUITests.swift */ = {isa = PBXFileReference; lastKnownFileType = sourcecode.swift; path = AtcMagisterUITests.swift; sourceTree = "<group>"; };
		5DA27DE32009274100909C42 /* Info.plist */ = {isa = PBXFileReference; lastKnownFileType = text.plist.xml; path = Info.plist; sourceTree = "<group>"; };
		5DAB9012200CB62E00705B36 /* HttpUtil.swift */ = {isa = PBXFileReference; lastKnownFileType = sourcecode.swift; path = HttpUtil.swift; sourceTree = "<group>"; };
		5DF54A42200BC89900278DAB /* EventMonitor.swift */ = {isa = PBXFileReference; lastKnownFileType = sourcecode.swift; path = EventMonitor.swift; sourceTree = "<group>"; };
		5DFAED3B200A2FD6000BC7CF /* SwiftyJSON.xcodeproj */ = {isa = PBXFileReference; lastKnownFileType = "wrapper.pb-project"; name = SwiftyJSON.xcodeproj; path = Libs/SwiftyJSON/SwiftyJSON.xcodeproj; sourceTree = "<group>"; };
		5DFAED57200A422E000BC7CF /* SchoolUrl.swift */ = {isa = PBXFileReference; lastKnownFileType = sourcecode.swift; path = SchoolUrl.swift; sourceTree = "<group>"; };
		5DFAED59200A4298000BC7CF /* School.swift */ = {isa = PBXFileReference; lastKnownFileType = sourcecode.swift; path = School.swift; sourceTree = "<group>"; };
		5DFAED5B200A4792000BC7CF /* MainViewController.swift */ = {isa = PBXFileReference; lastKnownFileType = sourcecode.swift; path = MainViewController.swift; sourceTree = "<group>"; };
		5DFAED5D200A48B0000BC7CF /* Magister.swift */ = {isa = PBXFileReference; lastKnownFileType = sourcecode.swift; path = Magister.swift; sourceTree = "<group>"; };
		5DFAED78200A5C83000BC7CF /* Alamofire.xcodeproj */ = {isa = PBXFileReference; lastKnownFileType = "wrapper.pb-project"; name = Alamofire.xcodeproj; path = Libs/Alamofire/Alamofire.xcodeproj; sourceTree = "<group>"; };
/* End PBXFileReference section */

/* Begin PBXFrameworksBuildPhase section */
		5DA27DBD2009274100909C42 /* Frameworks */ = {
			isa = PBXFrameworksBuildPhase;
			buildActionMask = 2147483647;
			files = (
				5DFAED91200A5C9E000BC7CF /* Alamofire.framework in Frameworks */,
				5DFAED55200A2FED000BC7CF /* SwiftyJSON.framework in Frameworks */,
			);
			runOnlyForDeploymentPostprocessing = 0;
		};
		5DA27DCF2009274100909C42 /* Frameworks */ = {
			isa = PBXFrameworksBuildPhase;
			buildActionMask = 2147483647;
			files = (
			);
			runOnlyForDeploymentPostprocessing = 0;
		};
		5DA27DDA2009274100909C42 /* Frameworks */ = {
			isa = PBXFrameworksBuildPhase;
			buildActionMask = 2147483647;
			files = (
			);
			runOnlyForDeploymentPostprocessing = 0;
		};
/* End PBXFrameworksBuildPhase section */

/* Begin PBXGroup section */
		5D2621FA2009678B006BE4DA /* Frameworks */ = {
			isa = PBXGroup;
			children = (
			);
			name = Frameworks;
			sourceTree = "<group>";
		};
		5DA27DB72009274100909C42 = {
			isa = PBXGroup;
			children = (
				5DFAED78200A5C83000BC7CF /* Alamofire.xcodeproj */,
				5DFAED3B200A2FD6000BC7CF /* SwiftyJSON.xcodeproj */,
				5DA27DC22009274100909C42 /* AtcMagister */,
				5DA27DD52009274100909C42 /* AtcMagisterTests */,
				5DA27DE02009274100909C42 /* AtcMagisterUITests */,
				5DA27DC12009274100909C42 /* Products */,
				5D2621FA2009678B006BE4DA /* Frameworks */,
			);
			sourceTree = "<group>";
		};
		5DA27DC12009274100909C42 /* Products */ = {
			isa = PBXGroup;
			children = (
				5DA27DC02009274100909C42 /* AtcMagister.app */,
				5DA27DD22009274100909C42 /* AtcMagisterTests.xctest */,
				5DA27DDD2009274100909C42 /* AtcMagisterUITests.xctest */,
			);
			name = Products;
			sourceTree = "<group>";
		};
		5DA27DC22009274100909C42 /* AtcMagister */ = {
			isa = PBXGroup;
			children = (
				5DAB9001200CB60A00705B36 /* Utils */,
				5DFAED56200A420C000BC7CF /* Models */,
				5DA27DC32009274100909C42 /* AppDelegate.swift */,
				5DA27DC72009274100909C42 /* Assets.xcassets */,
				5DA27DC92009274100909C42 /* Magister.storyboard */,
				5DA27DCC2009274100909C42 /* Info.plist */,
				5DA27DCD2009274100909C42 /* AtcMagister.entitlements */,
				5D26213920095243006BE4DA /* FindSchoolViewController.swift */,
				5D26213B20095256006BE4DA /* LoginViewController.swift */,
				5DFAED5B200A4792000BC7CF /* MainViewController.swift */,
				5DF54A42200BC89900278DAB /* EventMonitor.swift */,
			);
			path = AtcMagister;
			sourceTree = "<group>";
		};
		5DA27DD52009274100909C42 /* AtcMagisterTests */ = {
			isa = PBXGroup;
			children = (
				5DA27DD62009274100909C42 /* AtcMagisterTests.swift */,
				5DA27DD82009274100909C42 /* Info.plist */,
			);
			path = AtcMagisterTests;
			sourceTree = "<group>";
		};
		5DA27DE02009274100909C42 /* AtcMagisterUITests */ = {
			isa = PBXGroup;
			children = (
				5DA27DE12009274100909C42 /* AtcMagisterUITests.swift */,
				5DA27DE32009274100909C42 /* Info.plist */,
			);
			path = AtcMagisterUITests;
			sourceTree = "<group>";
		};
		5DAB9001200CB60A00705B36 /* Utils */ = {
			isa = PBXGroup;
			children = (
				5DAB9012200CB62E00705B36 /* HttpUtil.swift */,
			);
			path = Utils;
			sourceTree = "<group>";
		};
		5DFAED3C200A2FD6000BC7CF /* Products */ = {
			isa = PBXGroup;
			children = (
				5DFAED47200A2FD6000BC7CF /* SwiftyJSON.framework */,
				5DFAED49200A2FD6000BC7CF /* SwiftyJSON iOS Tests.xctest */,
				5DFAED4B200A2FD6000BC7CF /* SwiftyJSON.framework */,
				5DFAED4D200A2FD6000BC7CF /* SwiftyJSON macOS Tests.xctest */,
				5DFAED4F200A2FD6000BC7CF /* SwiftyJSON.framework */,
				5DFAED51200A2FD6000BC7CF /* SwiftyJSON.framework */,
				5DFAED53200A2FD6000BC7CF /* SwiftyJSON tvOS Tests.xctest */,
			);
			name = Products;
			sourceTree = "<group>";
		};
		5DFAED56200A420C000BC7CF /* Models */ = {
			isa = PBXGroup;
			children = (
				5DFAED57200A422E000BC7CF /* SchoolUrl.swift */,
				5DFAED59200A4298000BC7CF /* School.swift */,
				5DFAED5D200A48B0000BC7CF /* Magister.swift */,
			);
			path = Models;
			sourceTree = "<group>";
		};
		5DFAED79200A5C83000BC7CF /* Products */ = {
			isa = PBXGroup;
			children = (
				5DFAED84200A5C84000BC7CF /* Alamofire.framework */,
				5DFAED86200A5C84000BC7CF /* Alamofire iOS Tests.xctest */,
				5DFAED88200A5C84000BC7CF /* Alamofire.framework */,
				5DFAED8A200A5C84000BC7CF /* Alamofire macOS Tests.xctest */,
				5DFAED8C200A5C84000BC7CF /* Alamofire.framework */,
				5DFAED8E200A5C84000BC7CF /* Alamofire tvOS Tests.xctest */,
				5DFAED90200A5C84000BC7CF /* Alamofire.framework */,
			);
			name = Products;
			sourceTree = "<group>";
		};
/* End PBXGroup section */

/* Begin PBXNativeTarget section */
		5DA27DBF2009274100909C42 /* AtcMagister */ = {
			isa = PBXNativeTarget;
			buildConfigurationList = 5DA27DE62009274100909C42 /* Build configuration list for PBXNativeTarget "AtcMagister" */;
			buildPhases = (
				5DA27DBC2009274100909C42 /* Sources */,
				5DA27DBD2009274100909C42 /* Frameworks */,
				5DA27DBE2009274100909C42 /* Resources */,
				5D2621E72009664C006BE4DA /* Embed Frameworks */,
			);
			buildRules = (
			);
			dependencies = (
			);
			name = AtcMagister;
			productName = AtcMagister;
			productReference = 5DA27DC02009274100909C42 /* AtcMagister.app */;
			productType = "com.apple.product-type.application";
		};
		5DA27DD12009274100909C42 /* AtcMagisterTests */ = {
			isa = PBXNativeTarget;
			buildConfigurationList = 5DA27DE92009274100909C42 /* Build configuration list for PBXNativeTarget "AtcMagisterTests" */;
			buildPhases = (
				5DA27DCE2009274100909C42 /* Sources */,
				5DA27DCF2009274100909C42 /* Frameworks */,
				5DA27DD02009274100909C42 /* Resources */,
			);
			buildRules = (
			);
			dependencies = (
				5DA27DD42009274100909C42 /* PBXTargetDependency */,
			);
			name = AtcMagisterTests;
			productName = AtcMagisterTests;
			productReference = 5DA27DD22009274100909C42 /* AtcMagisterTests.xctest */;
			productType = "com.apple.product-type.bundle.unit-test";
		};
		5DA27DDC2009274100909C42 /* AtcMagisterUITests */ = {
			isa = PBXNativeTarget;
			buildConfigurationList = 5DA27DEC2009274100909C42 /* Build configuration list for PBXNativeTarget "AtcMagisterUITests" */;
			buildPhases = (
				5DA27DD92009274100909C42 /* Sources */,
				5DA27DDA2009274100909C42 /* Frameworks */,
				5DA27DDB2009274100909C42 /* Resources */,
			);
			buildRules = (
			);
			dependencies = (
				5DA27DDF2009274100909C42 /* PBXTargetDependency */,
			);
			name = AtcMagisterUITests;
			productName = AtcMagisterUITests;
			productReference = 5DA27DDD2009274100909C42 /* AtcMagisterUITests.xctest */;
			productType = "com.apple.product-type.bundle.ui-testing";
		};
/* End PBXNativeTarget section */

/* Begin PBXProject section */
		5DA27DB82009274100909C42 /* Project object */ = {
			isa = PBXProject;
			attributes = {
				LastSwiftUpdateCheck = 0920;
				LastUpgradeCheck = 0920;
				ORGANIZATIONNAME = "Koen van Staveren";
				TargetAttributes = {
					5DA27DBF2009274100909C42 = {
						CreatedOnToolsVersion = 9.2;
						ProvisioningStyle = Automatic;
					};
					5DA27DD12009274100909C42 = {
						CreatedOnToolsVersion = 9.2;
						ProvisioningStyle = Automatic;
						TestTargetID = 5DA27DBF2009274100909C42;
					};
					5DA27DDC2009274100909C42 = {
						CreatedOnToolsVersion = 9.2;
						ProvisioningStyle = Automatic;
						TestTargetID = 5DA27DBF2009274100909C42;
					};
				};
			};
			buildConfigurationList = 5DA27DBB2009274100909C42 /* Build configuration list for PBXProject "AtcMagister" */;
			compatibilityVersion = "Xcode 8.0";
			developmentRegion = en;
			hasScannedForEncodings = 0;
			knownRegions = (
				en,
				Base,
			);
			mainGroup = 5DA27DB72009274100909C42;
			productRefGroup = 5DA27DC12009274100909C42 /* Products */;
			projectDirPath = "";
			projectReferences = (
				{
					ProductGroup = 5DFAED79200A5C83000BC7CF /* Products */;
					ProjectRef = 5DFAED78200A5C83000BC7CF /* Alamofire.xcodeproj */;
				},
				{
					ProductGroup = 5DFAED3C200A2FD6000BC7CF /* Products */;
					ProjectRef = 5DFAED3B200A2FD6000BC7CF /* SwiftyJSON.xcodeproj */;
				},
			);
			projectRoot = "";
			targets = (
				5DA27DBF2009274100909C42 /* AtcMagister */,
				5DA27DD12009274100909C42 /* AtcMagisterTests */,
				5DA27DDC2009274100909C42 /* AtcMagisterUITests */,
			);
		};
/* End PBXProject section */

/* Begin PBXReferenceProxy section */
		5DFAED47200A2FD6000BC7CF /* SwiftyJSON.framework */ = {
			isa = PBXReferenceProxy;
			fileType = wrapper.framework;
			path = SwiftyJSON.framework;
			remoteRef = 5DFAED46200A2FD6000BC7CF /* PBXContainerItemProxy */;
			sourceTree = BUILT_PRODUCTS_DIR;
		};
		5DFAED49200A2FD6000BC7CF /* SwiftyJSON iOS Tests.xctest */ = {
			isa = PBXReferenceProxy;
			fileType = wrapper.cfbundle;
			path = "SwiftyJSON iOS Tests.xctest";
			remoteRef = 5DFAED48200A2FD6000BC7CF /* PBXContainerItemProxy */;
			sourceTree = BUILT_PRODUCTS_DIR;
		};
		5DFAED4B200A2FD6000BC7CF /* SwiftyJSON.framework */ = {
			isa = PBXReferenceProxy;
			fileType = wrapper.framework;
			path = SwiftyJSON.framework;
			remoteRef = 5DFAED4A200A2FD6000BC7CF /* PBXContainerItemProxy */;
			sourceTree = BUILT_PRODUCTS_DIR;
		};
		5DFAED4D200A2FD6000BC7CF /* SwiftyJSON macOS Tests.xctest */ = {
			isa = PBXReferenceProxy;
			fileType = wrapper.cfbundle;
			path = "SwiftyJSON macOS Tests.xctest";
			remoteRef = 5DFAED4C200A2FD6000BC7CF /* PBXContainerItemProxy */;
			sourceTree = BUILT_PRODUCTS_DIR;
		};
		5DFAED4F200A2FD6000BC7CF /* SwiftyJSON.framework */ = {
			isa = PBXReferenceProxy;
			fileType = wrapper.framework;
			path = SwiftyJSON.framework;
			remoteRef = 5DFAED4E200A2FD6000BC7CF /* PBXContainerItemProxy */;
			sourceTree = BUILT_PRODUCTS_DIR;
		};
		5DFAED51200A2FD6000BC7CF /* SwiftyJSON.framework */ = {
			isa = PBXReferenceProxy;
			fileType = wrapper.framework;
			path = SwiftyJSON.framework;
			remoteRef = 5DFAED50200A2FD6000BC7CF /* PBXContainerItemProxy */;
			sourceTree = BUILT_PRODUCTS_DIR;
		};
		5DFAED53200A2FD6000BC7CF /* SwiftyJSON tvOS Tests.xctest */ = {
			isa = PBXReferenceProxy;
			fileType = wrapper.cfbundle;
			path = "SwiftyJSON tvOS Tests.xctest";
			remoteRef = 5DFAED52200A2FD6000BC7CF /* PBXContainerItemProxy */;
			sourceTree = BUILT_PRODUCTS_DIR;
		};
		5DFAED84200A5C84000BC7CF /* Alamofire.framework */ = {
			isa = PBXReferenceProxy;
			fileType = wrapper.framework;
			path = Alamofire.framework;
			remoteRef = 5DFAED83200A5C84000BC7CF /* PBXContainerItemProxy */;
			sourceTree = BUILT_PRODUCTS_DIR;
		};
		5DFAED86200A5C84000BC7CF /* Alamofire iOS Tests.xctest */ = {
			isa = PBXReferenceProxy;
			fileType = wrapper.cfbundle;
			path = "Alamofire iOS Tests.xctest";
			remoteRef = 5DFAED85200A5C84000BC7CF /* PBXContainerItemProxy */;
			sourceTree = BUILT_PRODUCTS_DIR;
		};
		5DFAED88200A5C84000BC7CF /* Alamofire.framework */ = {
			isa = PBXReferenceProxy;
			fileType = wrapper.framework;
			path = Alamofire.framework;
			remoteRef = 5DFAED87200A5C84000BC7CF /* PBXContainerItemProxy */;
			sourceTree = BUILT_PRODUCTS_DIR;
		};
		5DFAED8A200A5C84000BC7CF /* Alamofire macOS Tests.xctest */ = {
			isa = PBXReferenceProxy;
			fileType = wrapper.cfbundle;
			path = "Alamofire macOS Tests.xctest";
			remoteRef = 5DFAED89200A5C84000BC7CF /* PBXContainerItemProxy */;
			sourceTree = BUILT_PRODUCTS_DIR;
		};
		5DFAED8C200A5C84000BC7CF /* Alamofire.framework */ = {
			isa = PBXReferenceProxy;
			fileType = wrapper.framework;
			path = Alamofire.framework;
			remoteRef = 5DFAED8B200A5C84000BC7CF /* PBXContainerItemProxy */;
			sourceTree = BUILT_PRODUCTS_DIR;
		};
		5DFAED8E200A5C84000BC7CF /* Alamofire tvOS Tests.xctest */ = {
			isa = PBXReferenceProxy;
			fileType = wrapper.cfbundle;
			path = "Alamofire tvOS Tests.xctest";
			remoteRef = 5DFAED8D200A5C84000BC7CF /* PBXContainerItemProxy */;
			sourceTree = BUILT_PRODUCTS_DIR;
		};
		5DFAED90200A5C84000BC7CF /* Alamofire.framework */ = {
			isa = PBXReferenceProxy;
			fileType = wrapper.framework;
			path = Alamofire.framework;
			remoteRef = 5DFAED8F200A5C84000BC7CF /* PBXContainerItemProxy */;
			sourceTree = BUILT_PRODUCTS_DIR;
		};
/* End PBXReferenceProxy section */

/* Begin PBXResourcesBuildPhase section */
		5DA27DBE2009274100909C42 /* Resources */ = {
			isa = PBXResourcesBuildPhase;
			buildActionMask = 2147483647;
			files = (
				5DA27DC82009274100909C42 /* Assets.xcassets in Resources */,
				5DA27DCB2009274100909C42 /* Magister.storyboard in Resources */,
			);
			runOnlyForDeploymentPostprocessing = 0;
		};
		5DA27DD02009274100909C42 /* Resources */ = {
			isa = PBXResourcesBuildPhase;
			buildActionMask = 2147483647;
			files = (
			);
			runOnlyForDeploymentPostprocessing = 0;
		};
		5DA27DDB2009274100909C42 /* Resources */ = {
			isa = PBXResourcesBuildPhase;
			buildActionMask = 2147483647;
			files = (
			);
			runOnlyForDeploymentPostprocessing = 0;
		};
/* End PBXResourcesBuildPhase section */

/* Begin PBXSourcesBuildPhase section */
		5DA27DBC2009274100909C42 /* Sources */ = {
			isa = PBXSourcesBuildPhase;
			buildActionMask = 2147483647;
			files = (
				5D26213C20095256006BE4DA /* LoginViewController.swift in Sources */,
				5DFAED58200A422E000BC7CF /* SchoolUrl.swift in Sources */,
				5DAB9013200CB62E00705B36 /* HttpUtil.swift in Sources */,
				5D26213A20095243006BE4DA /* FindSchoolViewController.swift in Sources */,
				5DFAED5C200A4792000BC7CF /* MainViewController.swift in Sources */,
				5DFAED5E200A48B0000BC7CF /* Magister.swift in Sources */,
				5DFAED5A200A4298000BC7CF /* School.swift in Sources */,
				5DA27DC42009274100909C42 /* AppDelegate.swift in Sources */,
				5DF54A43200BC89900278DAB /* EventMonitor.swift in Sources */,
			);
			runOnlyForDeploymentPostprocessing = 0;
		};
		5DA27DCE2009274100909C42 /* Sources */ = {
			isa = PBXSourcesBuildPhase;
			buildActionMask = 2147483647;
			files = (
				5DA27DD72009274100909C42 /* AtcMagisterTests.swift in Sources */,
			);
			runOnlyForDeploymentPostprocessing = 0;
		};
		5DA27DD92009274100909C42 /* Sources */ = {
			isa = PBXSourcesBuildPhase;
			buildActionMask = 2147483647;
			files = (
				5DA27DE22009274100909C42 /* AtcMagisterUITests.swift in Sources */,
			);
			runOnlyForDeploymentPostprocessing = 0;
		};
/* End PBXSourcesBuildPhase section */

/* Begin PBXTargetDependency section */
		5DA27DD42009274100909C42 /* PBXTargetDependency */ = {
			isa = PBXTargetDependency;
			target = 5DA27DBF2009274100909C42 /* AtcMagister */;
			targetProxy = 5DA27DD32009274100909C42 /* PBXContainerItemProxy */;
		};
		5DA27DDF2009274100909C42 /* PBXTargetDependency */ = {
			isa = PBXTargetDependency;
			target = 5DA27DBF2009274100909C42 /* AtcMagister */;
			targetProxy = 5DA27DDE2009274100909C42 /* PBXContainerItemProxy */;
		};
/* End PBXTargetDependency section */

/* Begin PBXVariantGroup section */
		5DA27DC92009274100909C42 /* Magister.storyboard */ = {
			isa = PBXVariantGroup;
			children = (
				5DA27DCA2009274100909C42 /* Base */,
			);
			name = Magister.storyboard;
			sourceTree = "<group>";
		};
/* End PBXVariantGroup section */

/* Begin XCBuildConfiguration section */
		5DA27DE42009274100909C42 /* Debug */ = {
			isa = XCBuildConfiguration;
			buildSettings = {
				ALWAYS_SEARCH_USER_PATHS = NO;
				CLANG_ANALYZER_NONNULL = YES;
				CLANG_ANALYZER_NUMBER_OBJECT_CONVERSION = YES_AGGRESSIVE;
				CLANG_CXX_LANGUAGE_STANDARD = "gnu++14";
				CLANG_CXX_LIBRARY = "libc++";
				CLANG_ENABLE_MODULES = YES;
				CLANG_ENABLE_OBJC_ARC = YES;
				CLANG_WARN_BLOCK_CAPTURE_AUTORELEASING = YES;
				CLANG_WARN_BOOL_CONVERSION = YES;
				CLANG_WARN_COMMA = YES;
				CLANG_WARN_CONSTANT_CONVERSION = YES;
				CLANG_WARN_DIRECT_OBJC_ISA_USAGE = YES_ERROR;
				CLANG_WARN_DOCUMENTATION_COMMENTS = YES;
				CLANG_WARN_EMPTY_BODY = YES;
				CLANG_WARN_ENUM_CONVERSION = YES;
				CLANG_WARN_INFINITE_RECURSION = YES;
				CLANG_WARN_INT_CONVERSION = YES;
				CLANG_WARN_NON_LITERAL_NULL_CONVERSION = YES;
				CLANG_WARN_OBJC_LITERAL_CONVERSION = YES;
				CLANG_WARN_OBJC_ROOT_CLASS = YES_ERROR;
				CLANG_WARN_RANGE_LOOP_ANALYSIS = YES;
				CLANG_WARN_STRICT_PROTOTYPES = YES;
				CLANG_WARN_SUSPICIOUS_MOVE = YES;
				CLANG_WARN_UNGUARDED_AVAILABILITY = YES_AGGRESSIVE;
				CLANG_WARN_UNREACHABLE_CODE = YES;
				CLANG_WARN__DUPLICATE_METHOD_MATCH = YES;
				CODE_SIGN_IDENTITY = "-";
				COPY_PHASE_STRIP = NO;
				DEBUG_INFORMATION_FORMAT = dwarf;
				ENABLE_STRICT_OBJC_MSGSEND = YES;
				ENABLE_TESTABILITY = YES;
				GCC_C_LANGUAGE_STANDARD = gnu11;
				GCC_DYNAMIC_NO_PIC = NO;
				GCC_NO_COMMON_BLOCKS = YES;
				GCC_OPTIMIZATION_LEVEL = 0;
				GCC_PREPROCESSOR_DEFINITIONS = (
					"DEBUG=1",
					"$(inherited)",
				);
				GCC_WARN_64_TO_32_BIT_CONVERSION = YES;
				GCC_WARN_ABOUT_RETURN_TYPE = YES_ERROR;
				GCC_WARN_UNDECLARED_SELECTOR = YES;
				GCC_WARN_UNINITIALIZED_AUTOS = YES_AGGRESSIVE;
				GCC_WARN_UNUSED_FUNCTION = YES;
				GCC_WARN_UNUSED_VARIABLE = YES;
				MACOSX_DEPLOYMENT_TARGET = 10.12;
				MTL_ENABLE_DEBUG_INFO = YES;
				ONLY_ACTIVE_ARCH = YES;
				SDKROOT = macosx;
				SWIFT_ACTIVE_COMPILATION_CONDITIONS = DEBUG;
				SWIFT_OPTIMIZATION_LEVEL = "-Onone";
			};
			name = Debug;
		};
		5DA27DE52009274100909C42 /* Release */ = {
			isa = XCBuildConfiguration;
			buildSettings = {
				ALWAYS_SEARCH_USER_PATHS = NO;
				CLANG_ANALYZER_NONNULL = YES;
				CLANG_ANALYZER_NUMBER_OBJECT_CONVERSION = YES_AGGRESSIVE;
				CLANG_CXX_LANGUAGE_STANDARD = "gnu++14";
				CLANG_CXX_LIBRARY = "libc++";
				CLANG_ENABLE_MODULES = YES;
				CLANG_ENABLE_OBJC_ARC = YES;
				CLANG_WARN_BLOCK_CAPTURE_AUTORELEASING = YES;
				CLANG_WARN_BOOL_CONVERSION = YES;
				CLANG_WARN_COMMA = YES;
				CLANG_WARN_CONSTANT_CONVERSION = YES;
				CLANG_WARN_DIRECT_OBJC_ISA_USAGE = YES_ERROR;
				CLANG_WARN_DOCUMENTATION_COMMENTS = YES;
				CLANG_WARN_EMPTY_BODY = YES;
				CLANG_WARN_ENUM_CONVERSION = YES;
				CLANG_WARN_INFINITE_RECURSION = YES;
				CLANG_WARN_INT_CONVERSION = YES;
				CLANG_WARN_NON_LITERAL_NULL_CONVERSION = YES;
				CLANG_WARN_OBJC_LITERAL_CONVERSION = YES;
				CLANG_WARN_OBJC_ROOT_CLASS = YES_ERROR;
				CLANG_WARN_RANGE_LOOP_ANALYSIS = YES;
				CLANG_WARN_STRICT_PROTOTYPES = YES;
				CLANG_WARN_SUSPICIOUS_MOVE = YES;
				CLANG_WARN_UNGUARDED_AVAILABILITY = YES_AGGRESSIVE;
				CLANG_WARN_UNREACHABLE_CODE = YES;
				CLANG_WARN__DUPLICATE_METHOD_MATCH = YES;
				CODE_SIGN_IDENTITY = "-";
				COPY_PHASE_STRIP = NO;
				DEBUG_INFORMATION_FORMAT = "dwarf-with-dsym";
				ENABLE_NS_ASSERTIONS = NO;
				ENABLE_STRICT_OBJC_MSGSEND = YES;
				GCC_C_LANGUAGE_STANDARD = gnu11;
				GCC_NO_COMMON_BLOCKS = YES;
				GCC_WARN_64_TO_32_BIT_CONVERSION = YES;
				GCC_WARN_ABOUT_RETURN_TYPE = YES_ERROR;
				GCC_WARN_UNDECLARED_SELECTOR = YES;
				GCC_WARN_UNINITIALIZED_AUTOS = YES_AGGRESSIVE;
				GCC_WARN_UNUSED_FUNCTION = YES;
				GCC_WARN_UNUSED_VARIABLE = YES;
				MACOSX_DEPLOYMENT_TARGET = 10.12;
				MTL_ENABLE_DEBUG_INFO = NO;
				SDKROOT = macosx;
				SWIFT_OPTIMIZATION_LEVEL = "-Owholemodule";
			};
			name = Release;
		};
		5DA27DE72009274100909C42 /* Debug */ = {
			isa = XCBuildConfiguration;
			buildSettings = {
				ALWAYS_EMBED_SWIFT_STANDARD_LIBRARIES = YES;
				ASSETCATALOG_COMPILER_APPICON_NAME = AppIcon;
				CODE_SIGN_STYLE = Automatic;
				COMBINE_HIDPI_IMAGES = YES;
				INFOPLIST_FILE = AtcMagister/Info.plist;
				LD_RUNPATH_SEARCH_PATHS = "$(inherited) @executable_path/../Frameworks";
				PRODUCT_BUNDLE_IDENTIFIER = nl.underkoen.AtcMagister;
				PRODUCT_NAME = "$(TARGET_NAME)";
				SWIFT_VERSION = 4.0;
			};
			name = Debug;
		};
		5DA27DE82009274100909C42 /* Release */ = {
			isa = XCBuildConfiguration;
			buildSettings = {
				ALWAYS_EMBED_SWIFT_STANDARD_LIBRARIES = YES;
				ASSETCATALOG_COMPILER_APPICON_NAME = AppIcon;
				CODE_SIGN_STYLE = Automatic;
				COMBINE_HIDPI_IMAGES = YES;
				INFOPLIST_FILE = AtcMagister/Info.plist;
				LD_RUNPATH_SEARCH_PATHS = "$(inherited) @executable_path/../Frameworks";
				PRODUCT_BUNDLE_IDENTIFIER = nl.underkoen.AtcMagister;
				PRODUCT_NAME = "$(TARGET_NAME)";
				SWIFT_VERSION = 4.0;
			};
			name = Release;
		};
		5DA27DEA2009274100909C42 /* Debug */ = {
			isa = XCBuildConfiguration;
			buildSettings = {
				ALWAYS_EMBED_SWIFT_STANDARD_LIBRARIES = YES;
				BUNDLE_LOADER = "$(TEST_HOST)";
				CODE_SIGN_STYLE = Automatic;
				COMBINE_HIDPI_IMAGES = YES;
				INFOPLIST_FILE = AtcMagisterTests/Info.plist;
				LD_RUNPATH_SEARCH_PATHS = "$(inherited) @executable_path/../Frameworks @loader_path/../Frameworks";
				PRODUCT_BUNDLE_IDENTIFIER = nl.underkoen.AtcMagisterTests;
				PRODUCT_NAME = "$(TARGET_NAME)";
				SWIFT_VERSION = 4.0;
				TEST_HOST = "$(BUILT_PRODUCTS_DIR)/AtcMagister.app/Contents/MacOS/AtcMagister";
			};
			name = Debug;
		};
		5DA27DEB2009274100909C42 /* Release */ = {
			isa = XCBuildConfiguration;
			buildSettings = {
				ALWAYS_EMBED_SWIFT_STANDARD_LIBRARIES = YES;
				BUNDLE_LOADER = "$(TEST_HOST)";
				CODE_SIGN_STYLE = Automatic;
				COMBINE_HIDPI_IMAGES = YES;
				INFOPLIST_FILE = AtcMagisterTests/Info.plist;
				LD_RUNPATH_SEARCH_PATHS = "$(inherited) @executable_path/../Frameworks @loader_path/../Frameworks";
				PRODUCT_BUNDLE_IDENTIFIER = nl.underkoen.AtcMagisterTests;
				PRODUCT_NAME = "$(TARGET_NAME)";
				SWIFT_VERSION = 4.0;
				TEST_HOST = "$(BUILT_PRODUCTS_DIR)/AtcMagister.app/Contents/MacOS/AtcMagister";
			};
			name = Release;
		};
		5DA27DED2009274100909C42 /* Debug */ = {
			isa = XCBuildConfiguration;
			buildSettings = {
				ALWAYS_EMBED_SWIFT_STANDARD_LIBRARIES = YES;
				CODE_SIGN_STYLE = Automatic;
				COMBINE_HIDPI_IMAGES = YES;
				INFOPLIST_FILE = AtcMagisterUITests/Info.plist;
				LD_RUNPATH_SEARCH_PATHS = "$(inherited) @executable_path/../Frameworks @loader_path/../Frameworks";
				PRODUCT_BUNDLE_IDENTIFIER = nl.underkoen.AtcMagisterUITests;
				PRODUCT_NAME = "$(TARGET_NAME)";
				SWIFT_VERSION = 4.0;
				TEST_TARGET_NAME = AtcMagister;
			};
			name = Debug;
		};
		5DA27DEE2009274100909C42 /* Release */ = {
			isa = XCBuildConfiguration;
			buildSettings = {
				ALWAYS_EMBED_SWIFT_STANDARD_LIBRARIES = YES;
				CODE_SIGN_STYLE = Automatic;
				COMBINE_HIDPI_IMAGES = YES;
				INFOPLIST_FILE = AtcMagisterUITests/Info.plist;
				LD_RUNPATH_SEARCH_PATHS = "$(inherited) @executable_path/../Frameworks @loader_path/../Frameworks";
				PRODUCT_BUNDLE_IDENTIFIER = nl.underkoen.AtcMagisterUITests;
				PRODUCT_NAME = "$(TARGET_NAME)";
				SWIFT_VERSION = 4.0;
				TEST_TARGET_NAME = AtcMagister;
			};
			name = Release;
		};
/* End XCBuildConfiguration section */

/* Begin XCConfigurationList section */
		5DA27DBB2009274100909C42 /* Build configuration list for PBXProject "AtcMagister" */ = {
			isa = XCConfigurationList;
			buildConfigurations = (
				5DA27DE42009274100909C42 /* Debug */,
				5DA27DE52009274100909C42 /* Release */,
			);
			defaultConfigurationIsVisible = 0;
			defaultConfigurationName = Release;
		};
		5DA27DE62009274100909C42 /* Build configuration list for PBXNativeTarget "AtcMagister" */ = {
			isa = XCConfigurationList;
			buildConfigurations = (
				5DA27DE72009274100909C42 /* Debug */,
				5DA27DE82009274100909C42 /* Release */,
			);
			defaultConfigurationIsVisible = 0;
			defaultConfigurationName = Release;
		};
		5DA27DE92009274100909C42 /* Build configuration list for PBXNativeTarget "AtcMagisterTests" */ = {
			isa = XCConfigurationList;
			buildConfigurations = (
				5DA27DEA2009274100909C42 /* Debug */,
				5DA27DEB2009274100909C42 /* Release */,
			);
			defaultConfigurationIsVisible = 0;
			defaultConfigurationName = Release;
		};
		5DA27DEC2009274100909C42 /* Build configuration list for PBXNativeTarget "AtcMagisterUITests" */ = {
			isa = XCConfigurationList;
			buildConfigurations = (
				5DA27DED2009274100909C42 /* Debug */,
				5DA27DEE2009274100909C42 /* Release */,
			);
			defaultConfigurationIsVisible = 0;
			defaultConfigurationName = Release;
		};
/* End XCConfigurationList section */
	};
	rootObject = 5DA27DB82009274100909C42 /* Project object */;
}
